// !$*UTF8*$!
{
	archiveVersion = 1;
	classes = {
	};
	objectVersion = 48;
	objects = {

/* Begin PBXBuildFile section */
		5A02D534D00123711E33753F /* Pods_whosfreeUITests.framework in Frameworks */ = {isa = PBXBuildFile; fileRef = 7DD5219901C00B5DBC74C7D0 /* Pods_whosfreeUITests.framework */; };
		84F06A9A6BF121D360D801EC /* Pods_whosfree.framework in Frameworks */ = {isa = PBXBuildFile; fileRef = 56270434984F66181CF21D95 /* Pods_whosfree.framework */; };
		94FF2030ABE4CB093C686CC7 /* Pods_whosfreeTests.framework in Frameworks */ = {isa = PBXBuildFile; fileRef = 21925C818A4A3361FA7E2477 /* Pods_whosfreeTests.framework */; };
		DB3DE44920571E5C00AAD2D8 /* AppDelegate.swift in Sources */ = {isa = PBXBuildFile; fileRef = DB3DE44820571E5C00AAD2D8 /* AppDelegate.swift */; };
		DB3DE45120571E5C00AAD2D8 /* whosfree.xcdatamodeld in Sources */ = {isa = PBXBuildFile; fileRef = DB3DE44F20571E5C00AAD2D8 /* whosfree.xcdatamodeld */; };
		DB3DE45320571E5C00AAD2D8 /* Assets.xcassets in Resources */ = {isa = PBXBuildFile; fileRef = DB3DE45220571E5C00AAD2D8 /* Assets.xcassets */; };
		DB3DE45620571E5C00AAD2D8 /* LaunchScreen.storyboard in Resources */ = {isa = PBXBuildFile; fileRef = DB3DE45420571E5C00AAD2D8 /* LaunchScreen.storyboard */; };
		DB3DE46120571E5D00AAD2D8 /* whosfreeTests.swift in Sources */ = {isa = PBXBuildFile; fileRef = DB3DE46020571E5D00AAD2D8 /* whosfreeTests.swift */; };
		DB3DE46C20571E5D00AAD2D8 /* whosfreeUITests.swift in Sources */ = {isa = PBXBuildFile; fileRef = DB3DE46B20571E5D00AAD2D8 /* whosfreeUITests.swift */; };
		DB3DE47B205721C000AAD2D8 /* LoginVC.swift in Sources */ = {isa = PBXBuildFile; fileRef = DB3DE47A205721C000AAD2D8 /* LoginVC.swift */; };
		DB3DE484205722AE00AAD2D8 /* LoginView.swift in Sources */ = {isa = PBXBuildFile; fileRef = DB3DE483205722AE00AAD2D8 /* LoginView.swift */; };
		DB3DE486205723A400AAD2D8 /* GoogleService-Info.plist in Resources */ = {isa = PBXBuildFile; fileRef = DB3DE485205723A400AAD2D8 /* GoogleService-Info.plist */; };
		DBACBAE020580A6900882850 /* NetworkConnectivity.swift in Sources */ = {isa = PBXBuildFile; fileRef = DBACBADB20580A6800882850 /* NetworkConnectivity.swift */; };
		DBACBAE120580A6900882850 /* NetworkHelper.swift in Sources */ = {isa = PBXBuildFile; fileRef = DBACBADC20580A6800882850 /* NetworkHelper.swift */; };
		DBACBAE220580A6900882850 /* StyleSheet.swift in Sources */ = {isa = PBXBuildFile; fileRef = DBACBADD20580A6800882850 /* StyleSheet.swift */; };
		DBACBAE420580A6900882850 /* Alert.swift in Sources */ = {isa = PBXBuildFile; fileRef = DBACBADF20580A6800882850 /* Alert.swift */; };
		DBACBAE920580A8300882850 /* DatabaseService+Add.swift in Sources */ = {isa = PBXBuildFile; fileRef = DBACBAE520580A8300882850 /* DatabaseService+Add.swift */; };
		DBACBAEA20580A8300882850 /* DatabaseService+Get.swift in Sources */ = {isa = PBXBuildFile; fileRef = DBACBAE620580A8300882850 /* DatabaseService+Get.swift */; };
		DBACBAEB20580A8300882850 /* DatabaseServiceDelegate.swift in Sources */ = {isa = PBXBuildFile; fileRef = DBACBAE720580A8300882850 /* DatabaseServiceDelegate.swift */; };
		DBACBAEC20580A8300882850 /* DatabaseService.swift in Sources */ = {isa = PBXBuildFile; fileRef = DBACBAE820580A8300882850 /* DatabaseService.swift */; };
		DBACBAEF20580A8E00882850 /* AuthUserService.swift in Sources */ = {isa = PBXBuildFile; fileRef = DBACBAED20580A8E00882850 /* AuthUserService.swift */; };
		DBACBAF020580A8E00882850 /* AuthUserServiceDelegate.swift in Sources */ = {isa = PBXBuildFile; fileRef = DBACBAEE20580A8E00882850 /* AuthUserServiceDelegate.swift */; };
		DBACBAF220580A9800882850 /* StorageService.swift in Sources */ = {isa = PBXBuildFile; fileRef = DBACBAF120580A9800882850 /* StorageService.swift */; };
		DBACBAF420580AA500882850 /* UserProfile.swift in Sources */ = {isa = PBXBuildFile; fileRef = DBACBAF320580AA500882850 /* UserProfile.swift */; };
/* End PBXBuildFile section */

/* Begin PBXContainerItemProxy section */
		DB3DE45D20571E5D00AAD2D8 /* PBXContainerItemProxy */ = {
			isa = PBXContainerItemProxy;
			containerPortal = DB3DE43D20571E5C00AAD2D8 /* Project object */;
			proxyType = 1;
			remoteGlobalIDString = DB3DE44420571E5C00AAD2D8;
			remoteInfo = whosfree;
		};
		DB3DE46820571E5D00AAD2D8 /* PBXContainerItemProxy */ = {
			isa = PBXContainerItemProxy;
			containerPortal = DB3DE43D20571E5C00AAD2D8 /* Project object */;
			proxyType = 1;
			remoteGlobalIDString = DB3DE44420571E5C00AAD2D8;
			remoteInfo = whosfree;
		};
/* End PBXContainerItemProxy section */

/* Begin PBXFileReference section */
		01B615F746D6519FDD4F49D5 /* Pods-whosfree.release.xcconfig */ = {isa = PBXFileReference; includeInIndex = 1; lastKnownFileType = text.xcconfig; name = "Pods-whosfree.release.xcconfig"; path = "Pods/Target Support Files/Pods-whosfree/Pods-whosfree.release.xcconfig"; sourceTree = "<group>"; };
		21925C818A4A3361FA7E2477 /* Pods_whosfreeTests.framework */ = {isa = PBXFileReference; explicitFileType = wrapper.framework; includeInIndex = 0; path = Pods_whosfreeTests.framework; sourceTree = BUILT_PRODUCTS_DIR; };
		3917AF58BC19B9E685204473 /* Pods-whosfreeTests.debug.xcconfig */ = {isa = PBXFileReference; includeInIndex = 1; lastKnownFileType = text.xcconfig; name = "Pods-whosfreeTests.debug.xcconfig"; path = "Pods/Target Support Files/Pods-whosfreeTests/Pods-whosfreeTests.debug.xcconfig"; sourceTree = "<group>"; };
		56270434984F66181CF21D95 /* Pods_whosfree.framework */ = {isa = PBXFileReference; explicitFileType = wrapper.framework; includeInIndex = 0; path = Pods_whosfree.framework; sourceTree = BUILT_PRODUCTS_DIR; };
		5EC3006618216CCAFE016C39 /* Pods-whosfreeTests.release.xcconfig */ = {isa = PBXFileReference; includeInIndex = 1; lastKnownFileType = text.xcconfig; name = "Pods-whosfreeTests.release.xcconfig"; path = "Pods/Target Support Files/Pods-whosfreeTests/Pods-whosfreeTests.release.xcconfig"; sourceTree = "<group>"; };
		60E208FAA28830ACA6B5C3A2 /* Pods-whosfree.debug.xcconfig */ = {isa = PBXFileReference; includeInIndex = 1; lastKnownFileType = text.xcconfig; name = "Pods-whosfree.debug.xcconfig"; path = "Pods/Target Support Files/Pods-whosfree/Pods-whosfree.debug.xcconfig"; sourceTree = "<group>"; };
		7CF222DD50E6FE553458725A /* Pods-whosfreeUITests.debug.xcconfig */ = {isa = PBXFileReference; includeInIndex = 1; lastKnownFileType = text.xcconfig; name = "Pods-whosfreeUITests.debug.xcconfig"; path = "Pods/Target Support Files/Pods-whosfreeUITests/Pods-whosfreeUITests.debug.xcconfig"; sourceTree = "<group>"; };
		7DD5219901C00B5DBC74C7D0 /* Pods_whosfreeUITests.framework */ = {isa = PBXFileReference; explicitFileType = wrapper.framework; includeInIndex = 0; path = Pods_whosfreeUITests.framework; sourceTree = BUILT_PRODUCTS_DIR; };
		95AFDAA9FE5BB29F7E498C64 /* Pods-whosfreeUITests.release.xcconfig */ = {isa = PBXFileReference; includeInIndex = 1; lastKnownFileType = text.xcconfig; name = "Pods-whosfreeUITests.release.xcconfig"; path = "Pods/Target Support Files/Pods-whosfreeUITests/Pods-whosfreeUITests.release.xcconfig"; sourceTree = "<group>"; };
		DB3DE44520571E5C00AAD2D8 /* whosfree.app */ = {isa = PBXFileReference; explicitFileType = wrapper.application; includeInIndex = 0; path = whosfree.app; sourceTree = BUILT_PRODUCTS_DIR; };
		DB3DE44820571E5C00AAD2D8 /* AppDelegate.swift */ = {isa = PBXFileReference; lastKnownFileType = sourcecode.swift; path = AppDelegate.swift; sourceTree = "<group>"; };
		DB3DE45020571E5C00AAD2D8 /* whosfree.xcdatamodel */ = {isa = PBXFileReference; lastKnownFileType = wrapper.xcdatamodel; path = whosfree.xcdatamodel; sourceTree = "<group>"; };
		DB3DE45220571E5C00AAD2D8 /* Assets.xcassets */ = {isa = PBXFileReference; lastKnownFileType = folder.assetcatalog; path = Assets.xcassets; sourceTree = "<group>"; };
		DB3DE45520571E5C00AAD2D8 /* Base */ = {isa = PBXFileReference; lastKnownFileType = file.storyboard; name = Base; path = Base.lproj/LaunchScreen.storyboard; sourceTree = "<group>"; };
		DB3DE45720571E5C00AAD2D8 /* Info.plist */ = {isa = PBXFileReference; lastKnownFileType = text.plist.xml; path = Info.plist; sourceTree = "<group>"; };
		DB3DE45C20571E5D00AAD2D8 /* whosfreeTests.xctest */ = {isa = PBXFileReference; explicitFileType = wrapper.cfbundle; includeInIndex = 0; path = whosfreeTests.xctest; sourceTree = BUILT_PRODUCTS_DIR; };
		DB3DE46020571E5D00AAD2D8 /* whosfreeTests.swift */ = {isa = PBXFileReference; lastKnownFileType = sourcecode.swift; path = whosfreeTests.swift; sourceTree = "<group>"; };
		DB3DE46220571E5D00AAD2D8 /* Info.plist */ = {isa = PBXFileReference; lastKnownFileType = text.plist.xml; path = Info.plist; sourceTree = "<group>"; };
		DB3DE46720571E5D00AAD2D8 /* whosfreeUITests.xctest */ = {isa = PBXFileReference; explicitFileType = wrapper.cfbundle; includeInIndex = 0; path = whosfreeUITests.xctest; sourceTree = BUILT_PRODUCTS_DIR; };
		DB3DE46B20571E5D00AAD2D8 /* whosfreeUITests.swift */ = {isa = PBXFileReference; lastKnownFileType = sourcecode.swift; path = whosfreeUITests.swift; sourceTree = "<group>"; };
		DB3DE46D20571E5D00AAD2D8 /* Info.plist */ = {isa = PBXFileReference; lastKnownFileType = text.plist.xml; path = Info.plist; sourceTree = "<group>"; };
		DB3DE47A205721C000AAD2D8 /* LoginVC.swift */ = {isa = PBXFileReference; lastKnownFileType = sourcecode.swift; path = LoginVC.swift; sourceTree = "<group>"; };
		DB3DE483205722AE00AAD2D8 /* LoginView.swift */ = {isa = PBXFileReference; lastKnownFileType = sourcecode.swift; path = LoginView.swift; sourceTree = "<group>"; };
		DB3DE485205723A400AAD2D8 /* GoogleService-Info.plist */ = {isa = PBXFileReference; fileEncoding = 4; lastKnownFileType = text.plist.xml; path = "GoogleService-Info.plist"; sourceTree = SOURCE_ROOT; };
		DBACBADB20580A6800882850 /* NetworkConnectivity.swift */ = {isa = PBXFileReference; fileEncoding = 4; lastKnownFileType = sourcecode.swift; path = NetworkConnectivity.swift; sourceTree = "<group>"; };
		DBACBADC20580A6800882850 /* NetworkHelper.swift */ = {isa = PBXFileReference; fileEncoding = 4; lastKnownFileType = sourcecode.swift; path = NetworkHelper.swift; sourceTree = "<group>"; };
		DBACBADD20580A6800882850 /* StyleSheet.swift */ = {isa = PBXFileReference; fileEncoding = 4; lastKnownFileType = sourcecode.swift; path = StyleSheet.swift; sourceTree = "<group>"; };
		DBACBADF20580A6800882850 /* Alert.swift */ = {isa = PBXFileReference; fileEncoding = 4; lastKnownFileType = sourcecode.swift; path = Alert.swift; sourceTree = "<group>"; };
		DBACBAE520580A8300882850 /* DatabaseService+Add.swift */ = {isa = PBXFileReference; fileEncoding = 4; lastKnownFileType = sourcecode.swift; path = "DatabaseService+Add.swift"; sourceTree = "<group>"; };
		DBACBAE620580A8300882850 /* DatabaseService+Get.swift */ = {isa = PBXFileReference; fileEncoding = 4; lastKnownFileType = sourcecode.swift; path = "DatabaseService+Get.swift"; sourceTree = "<group>"; };
		DBACBAE720580A8300882850 /* DatabaseServiceDelegate.swift */ = {isa = PBXFileReference; fileEncoding = 4; lastKnownFileType = sourcecode.swift; path = DatabaseServiceDelegate.swift; sourceTree = "<group>"; };
		DBACBAE820580A8300882850 /* DatabaseService.swift */ = {isa = PBXFileReference; fileEncoding = 4; lastKnownFileType = sourcecode.swift; path = DatabaseService.swift; sourceTree = "<group>"; };
		DBACBAED20580A8E00882850 /* AuthUserService.swift */ = {isa = PBXFileReference; fileEncoding = 4; lastKnownFileType = sourcecode.swift; path = AuthUserService.swift; sourceTree = "<group>"; };
		DBACBAEE20580A8E00882850 /* AuthUserServiceDelegate.swift */ = {isa = PBXFileReference; fileEncoding = 4; lastKnownFileType = sourcecode.swift; path = AuthUserServiceDelegate.swift; sourceTree = "<group>"; };
		DBACBAF120580A9800882850 /* StorageService.swift */ = {isa = PBXFileReference; fileEncoding = 4; lastKnownFileType = sourcecode.swift; path = StorageService.swift; sourceTree = "<group>"; };
		DBACBAF320580AA500882850 /* UserProfile.swift */ = {isa = PBXFileReference; fileEncoding = 4; lastKnownFileType = sourcecode.swift; path = UserProfile.swift; sourceTree = "<group>"; };
/* End PBXFileReference section */

/* Begin PBXFrameworksBuildPhase section */
		DB3DE44220571E5C00AAD2D8 /* Frameworks */ = {
			isa = PBXFrameworksBuildPhase;
			buildActionMask = 2147483647;
			files = (
				84F06A9A6BF121D360D801EC /* Pods_whosfree.framework in Frameworks */,
			);
			runOnlyForDeploymentPostprocessing = 0;
		};
		DB3DE45920571E5D00AAD2D8 /* Frameworks */ = {
			isa = PBXFrameworksBuildPhase;
			buildActionMask = 2147483647;
			files = (
				94FF2030ABE4CB093C686CC7 /* Pods_whosfreeTests.framework in Frameworks */,
			);
			runOnlyForDeploymentPostprocessing = 0;
		};
		DB3DE46420571E5D00AAD2D8 /* Frameworks */ = {
			isa = PBXFrameworksBuildPhase;
			buildActionMask = 2147483647;
			files = (
				5A02D534D00123711E33753F /* Pods_whosfreeUITests.framework in Frameworks */,
			);
			runOnlyForDeploymentPostprocessing = 0;
		};
/* End PBXFrameworksBuildPhase section */

/* Begin PBXGroup section */
		7835FD6FF3AB4667E4798404 /* Pods */ = {
			isa = PBXGroup;
			children = (
				60E208FAA28830ACA6B5C3A2 /* Pods-whosfree.debug.xcconfig */,
				01B615F746D6519FDD4F49D5 /* Pods-whosfree.release.xcconfig */,
				3917AF58BC19B9E685204473 /* Pods-whosfreeTests.debug.xcconfig */,
				5EC3006618216CCAFE016C39 /* Pods-whosfreeTests.release.xcconfig */,
				7CF222DD50E6FE553458725A /* Pods-whosfreeUITests.debug.xcconfig */,
				95AFDAA9FE5BB29F7E498C64 /* Pods-whosfreeUITests.release.xcconfig */,
			);
			name = Pods;
			sourceTree = "<group>";
		};
		9F204FB836D3A479828313F4 /* Frameworks */ = {
			isa = PBXGroup;
			children = (
				56270434984F66181CF21D95 /* Pods_whosfree.framework */,
				21925C818A4A3361FA7E2477 /* Pods_whosfreeTests.framework */,
				7DD5219901C00B5DBC74C7D0 /* Pods_whosfreeUITests.framework */,
			);
			name = Frameworks;
			sourceTree = "<group>";
		};
		DB3DE43C20571E5C00AAD2D8 = {
			isa = PBXGroup;
			children = (
				DB3DE44720571E5C00AAD2D8 /* whosfree */,
				DB3DE45F20571E5D00AAD2D8 /* whosfreeTests */,
				DB3DE46A20571E5D00AAD2D8 /* whosfreeUITests */,
				DB3DE44620571E5C00AAD2D8 /* Products */,
				7835FD6FF3AB4667E4798404 /* Pods */,
				9F204FB836D3A479828313F4 /* Frameworks */,
			);
			sourceTree = "<group>";
		};
		DB3DE44620571E5C00AAD2D8 /* Products */ = {
			isa = PBXGroup;
			children = (
				DB3DE44520571E5C00AAD2D8 /* whosfree.app */,
				DB3DE45C20571E5D00AAD2D8 /* whosfreeTests.xctest */,
				DB3DE46720571E5D00AAD2D8 /* whosfreeUITests.xctest */,
			);
			name = Products;
			sourceTree = "<group>";
		};
		DB3DE44720571E5C00AAD2D8 /* whosfree */ = {
			isa = PBXGroup;
			children = (
				DB3DE44820571E5C00AAD2D8 /* AppDelegate.swift */,
				DB3DE45220571E5C00AAD2D8 /* Assets.xcassets */,
				DB3DE45420571E5C00AAD2D8 /* LaunchScreen.storyboard */,
				DB3DE45720571E5C00AAD2D8 /* Info.plist */,
				DB3DE485205723A400AAD2D8 /* GoogleService-Info.plist */,
				DB3DE44F20571E5C00AAD2D8 /* whosfree.xcdatamodeld */,
				DB3DE4792057219500AAD2D8 /* VCs */,
				DB3DE47C205721F700AAD2D8 /* Views */,
				DB3DE47D2057221200AAD2D8 /* Cells */,
				DB3DE47E2057221A00AAD2D8 /* Models */,
				DB3DE47F2057222700AAD2D8 /* Services */,
			);
			path = whosfree;
			sourceTree = "<group>";
		};
		DB3DE45F20571E5D00AAD2D8 /* whosfreeTests */ = {
			isa = PBXGroup;
			children = (
				DB3DE46020571E5D00AAD2D8 /* whosfreeTests.swift */,
				DB3DE46220571E5D00AAD2D8 /* Info.plist */,
			);
			path = whosfreeTests;
			sourceTree = "<group>";
		};
		DB3DE46A20571E5D00AAD2D8 /* whosfreeUITests */ = {
			isa = PBXGroup;
			children = (
				DB3DE46B20571E5D00AAD2D8 /* whosfreeUITests.swift */,
				DB3DE46D20571E5D00AAD2D8 /* Info.plist */,
			);
			path = whosfreeUITests;
			sourceTree = "<group>";
		};
		DB3DE4792057219500AAD2D8 /* VCs */ = {
			isa = PBXGroup;
			children = (
				DB3DE47A205721C000AAD2D8 /* LoginVC.swift */,
			);
			path = VCs;
			sourceTree = "<group>";
		};
		DB3DE47C205721F700AAD2D8 /* Views */ = {
			isa = PBXGroup;
			children = (
				DB3DE483205722AE00AAD2D8 /* LoginView.swift */,
			);
			path = Views;
			sourceTree = "<group>";
		};
		DB3DE47D2057221200AAD2D8 /* Cells */ = {
			isa = PBXGroup;
			children = (
			);
			path = Cells;
			sourceTree = "<group>";
		};
		DB3DE47E2057221A00AAD2D8 /* Models */ = {
			isa = PBXGroup;
			children = (
				DBACBAF320580AA500882850 /* UserProfile.swift */,
			);
			path = Models;
			sourceTree = "<group>";
		};
		DB3DE47F2057222700AAD2D8 /* Services */ = {
			isa = PBXGroup;
			children = (
				DBACBADF20580A6800882850 /* Alert.swift */,
				DBACBADB20580A6800882850 /* NetworkConnectivity.swift */,
				DBACBADC20580A6800882850 /* NetworkHelper.swift */,
				DBACBADD20580A6800882850 /* StyleSheet.swift */,
				DB3DE4822057224900AAD2D8 /* Database */,
				DB3DE4812057224000AAD2D8 /* AuthUser */,
				DB3DE4802057223700AAD2D8 /* Storage */,
			);
			path = Services;
			sourceTree = "<group>";
		};
		DB3DE4802057223700AAD2D8 /* Storage */ = {
			isa = PBXGroup;
			children = (
				DBACBAF120580A9800882850 /* StorageService.swift */,
			);
			path = Storage;
			sourceTree = "<group>";
		};
		DB3DE4812057224000AAD2D8 /* AuthUser */ = {
			isa = PBXGroup;
			children = (
				DBACBAED20580A8E00882850 /* AuthUserService.swift */,
				DBACBAEE20580A8E00882850 /* AuthUserServiceDelegate.swift */,
			);
			path = AuthUser;
			sourceTree = "<group>";
		};
		DB3DE4822057224900AAD2D8 /* Database */ = {
			isa = PBXGroup;
			children = (
				DBACBAE820580A8300882850 /* DatabaseService.swift */,
				DBACBAE520580A8300882850 /* DatabaseService+Add.swift */,
				DBACBAE620580A8300882850 /* DatabaseService+Get.swift */,
				DBACBAE720580A8300882850 /* DatabaseServiceDelegate.swift */,
			);
			path = Database;
			sourceTree = "<group>";
		};
/* End PBXGroup section */

/* Begin PBXNativeTarget section */
		DB3DE44420571E5C00AAD2D8 /* whosfree */ = {
			isa = PBXNativeTarget;
			buildConfigurationList = DB3DE47020571E5D00AAD2D8 /* Build configuration list for PBXNativeTarget "whosfree" */;
			buildPhases = (
				1132DE9F2CD0B6811DAFF2E3 /* [CP] Check Pods Manifest.lock */,
				DB3DE44120571E5C00AAD2D8 /* Sources */,
				DB3DE44220571E5C00AAD2D8 /* Frameworks */,
				DB3DE44320571E5C00AAD2D8 /* Resources */,
				F6E41E57403EA3615E85EE9E /* [CP] Embed Pods Frameworks */,
				C825E0B2BFBCDE77A314D922 /* [CP] Copy Pods Resources */,
			);
			buildRules = (
			);
			dependencies = (
			);
			name = whosfree;
			productName = whosfree;
			productReference = DB3DE44520571E5C00AAD2D8 /* whosfree.app */;
			productType = "com.apple.product-type.application";
		};
		DB3DE45B20571E5D00AAD2D8 /* whosfreeTests */ = {
			isa = PBXNativeTarget;
			buildConfigurationList = DB3DE47320571E5D00AAD2D8 /* Build configuration list for PBXNativeTarget "whosfreeTests" */;
			buildPhases = (
				1691F86255CB1D98044D480D /* [CP] Check Pods Manifest.lock */,
				DB3DE45820571E5D00AAD2D8 /* Sources */,
				DB3DE45920571E5D00AAD2D8 /* Frameworks */,
				DB3DE45A20571E5D00AAD2D8 /* Resources */,
				EE0094F7EAA27DEABD229B06 /* [CP] Embed Pods Frameworks */,
				E15C63C32047CA0289979274 /* [CP] Copy Pods Resources */,
			);
			buildRules = (
			);
			dependencies = (
				DB3DE45E20571E5D00AAD2D8 /* PBXTargetDependency */,
			);
			name = whosfreeTests;
			productName = whosfreeTests;
			productReference = DB3DE45C20571E5D00AAD2D8 /* whosfreeTests.xctest */;
			productType = "com.apple.product-type.bundle.unit-test";
		};
		DB3DE46620571E5D00AAD2D8 /* whosfreeUITests */ = {
			isa = PBXNativeTarget;
			buildConfigurationList = DB3DE47620571E5D00AAD2D8 /* Build configuration list for PBXNativeTarget "whosfreeUITests" */;
			buildPhases = (
				801C259038CD46CB28DB67CE /* [CP] Check Pods Manifest.lock */,
				DB3DE46320571E5D00AAD2D8 /* Sources */,
				DB3DE46420571E5D00AAD2D8 /* Frameworks */,
				DB3DE46520571E5D00AAD2D8 /* Resources */,
				72950E4FC39D03B478A1B881 /* [CP] Embed Pods Frameworks */,
				5185EF6A28270AF3163FBD52 /* [CP] Copy Pods Resources */,
			);
			buildRules = (
			);
			dependencies = (
				DB3DE46920571E5D00AAD2D8 /* PBXTargetDependency */,
			);
			name = whosfreeUITests;
			productName = whosfreeUITests;
			productReference = DB3DE46720571E5D00AAD2D8 /* whosfreeUITests.xctest */;
			productType = "com.apple.product-type.bundle.ui-testing";
		};
/* End PBXNativeTarget section */

/* Begin PBXProject section */
		DB3DE43D20571E5C00AAD2D8 /* Project object */ = {
			isa = PBXProject;
			attributes = {
				LastSwiftUpdateCheck = 0920;
				LastUpgradeCheck = 0920;
				ORGANIZATIONNAME = "Richard Crichlow";
				TargetAttributes = {
					DB3DE44420571E5C00AAD2D8 = {
						CreatedOnToolsVersion = 9.2;
						ProvisioningStyle = Automatic;
					};
					DB3DE45B20571E5D00AAD2D8 = {
						CreatedOnToolsVersion = 9.2;
						ProvisioningStyle = Automatic;
						TestTargetID = DB3DE44420571E5C00AAD2D8;
					};
					DB3DE46620571E5D00AAD2D8 = {
						CreatedOnToolsVersion = 9.2;
						ProvisioningStyle = Automatic;
						TestTargetID = DB3DE44420571E5C00AAD2D8;
					};
				};
			};
			buildConfigurationList = DB3DE44020571E5C00AAD2D8 /* Build configuration list for PBXProject "whosfree" */;
			compatibilityVersion = "Xcode 8.0";
			developmentRegion = en;
			hasScannedForEncodings = 0;
			knownRegions = (
				en,
				Base,
			);
			mainGroup = DB3DE43C20571E5C00AAD2D8;
			productRefGroup = DB3DE44620571E5C00AAD2D8 /* Products */;
			projectDirPath = "";
			projectRoot = "";
			targets = (
				DB3DE44420571E5C00AAD2D8 /* whosfree */,
				DB3DE45B20571E5D00AAD2D8 /* whosfreeTests */,
				DB3DE46620571E5D00AAD2D8 /* whosfreeUITests */,
			);
		};
/* End PBXProject section */

/* Begin PBXResourcesBuildPhase section */
		DB3DE44320571E5C00AAD2D8 /* Resources */ = {
			isa = PBXResourcesBuildPhase;
			buildActionMask = 2147483647;
			files = (
				DB3DE45620571E5C00AAD2D8 /* LaunchScreen.storyboard in Resources */,
				DB3DE45320571E5C00AAD2D8 /* Assets.xcassets in Resources */,
				DB3DE486205723A400AAD2D8 /* GoogleService-Info.plist in Resources */,
			);
			runOnlyForDeploymentPostprocessing = 0;
		};
		DB3DE45A20571E5D00AAD2D8 /* Resources */ = {
			isa = PBXResourcesBuildPhase;
			buildActionMask = 2147483647;
			files = (
			);
			runOnlyForDeploymentPostprocessing = 0;
		};
		DB3DE46520571E5D00AAD2D8 /* Resources */ = {
			isa = PBXResourcesBuildPhase;
			buildActionMask = 2147483647;
			files = (
			);
			runOnlyForDeploymentPostprocessing = 0;
		};
/* End PBXResourcesBuildPhase section */

/* Begin PBXShellScriptBuildPhase section */
		1132DE9F2CD0B6811DAFF2E3 /* [CP] Check Pods Manifest.lock */ = {
			isa = PBXShellScriptBuildPhase;
			buildActionMask = 2147483647;
			files = (
			);
			inputPaths = (
				"${PODS_PODFILE_DIR_PATH}/Podfile.lock",
				"${PODS_ROOT}/Manifest.lock",
			);
			name = "[CP] Check Pods Manifest.lock";
			outputPaths = (
				"$(DERIVED_FILE_DIR)/Pods-whosfree-checkManifestLockResult.txt",
			);
			runOnlyForDeploymentPostprocessing = 0;
			shellPath = /bin/sh;
			shellScript = "diff \"${PODS_PODFILE_DIR_PATH}/Podfile.lock\" \"${PODS_ROOT}/Manifest.lock\" > /dev/null\nif [ $? != 0 ] ; then\n    # print error to STDERR\n    echo \"error: The sandbox is not in sync with the Podfile.lock. Run 'pod install' or update your CocoaPods installation.\" >&2\n    exit 1\nfi\n# This output is used by Xcode 'outputs' to avoid re-running this script phase.\necho \"SUCCESS\" > \"${SCRIPT_OUTPUT_FILE_0}\"\n";
			showEnvVarsInLog = 0;
		};
		1691F86255CB1D98044D480D /* [CP] Check Pods Manifest.lock */ = {
			isa = PBXShellScriptBuildPhase;
			buildActionMask = 2147483647;
			files = (
			);
			inputPaths = (
				"${PODS_PODFILE_DIR_PATH}/Podfile.lock",
				"${PODS_ROOT}/Manifest.lock",
			);
			name = "[CP] Check Pods Manifest.lock";
			outputPaths = (
				"$(DERIVED_FILE_DIR)/Pods-whosfreeTests-checkManifestLockResult.txt",
			);
			runOnlyForDeploymentPostprocessing = 0;
			shellPath = /bin/sh;
			shellScript = "diff \"${PODS_PODFILE_DIR_PATH}/Podfile.lock\" \"${PODS_ROOT}/Manifest.lock\" > /dev/null\nif [ $? != 0 ] ; then\n    # print error to STDERR\n    echo \"error: The sandbox is not in sync with the Podfile.lock. Run 'pod install' or update your CocoaPods installation.\" >&2\n    exit 1\nfi\n# This output is used by Xcode 'outputs' to avoid re-running this script phase.\necho \"SUCCESS\" > \"${SCRIPT_OUTPUT_FILE_0}\"\n";
			showEnvVarsInLog = 0;
		};
		5185EF6A28270AF3163FBD52 /* [CP] Copy Pods Resources */ = {
			isa = PBXShellScriptBuildPhase;
			buildActionMask = 2147483647;
			files = (
			);
			inputPaths = (
			);
			name = "[CP] Copy Pods Resources";
			outputPaths = (
			);
			runOnlyForDeploymentPostprocessing = 0;
			shellPath = /bin/sh;
			shellScript = "\"${SRCROOT}/Pods/Target Support Files/Pods-whosfreeUITests/Pods-whosfreeUITests-resources.sh\"\n";
			showEnvVarsInLog = 0;
		};
		72950E4FC39D03B478A1B881 /* [CP] Embed Pods Frameworks */ = {
			isa = PBXShellScriptBuildPhase;
			buildActionMask = 2147483647;
			files = (
			);
			inputPaths = (
			);
			name = "[CP] Embed Pods Frameworks";
			outputPaths = (
			);
			runOnlyForDeploymentPostprocessing = 0;
			shellPath = /bin/sh;
			shellScript = "\"${SRCROOT}/Pods/Target Support Files/Pods-whosfreeUITests/Pods-whosfreeUITests-frameworks.sh\"\n";
			showEnvVarsInLog = 0;
		};
		801C259038CD46CB28DB67CE /* [CP] Check Pods Manifest.lock */ = {
			isa = PBXShellScriptBuildPhase;
			buildActionMask = 2147483647;
			files = (
			);
			inputPaths = (
				"${PODS_PODFILE_DIR_PATH}/Podfile.lock",
				"${PODS_ROOT}/Manifest.lock",
			);
			name = "[CP] Check Pods Manifest.lock";
			outputPaths = (
				"$(DERIVED_FILE_DIR)/Pods-whosfreeUITests-checkManifestLockResult.txt",
			);
			runOnlyForDeploymentPostprocessing = 0;
			shellPath = /bin/sh;
			shellScript = "diff \"${PODS_PODFILE_DIR_PATH}/Podfile.lock\" \"${PODS_ROOT}/Manifest.lock\" > /dev/null\nif [ $? != 0 ] ; then\n    # print error to STDERR\n    echo \"error: The sandbox is not in sync with the Podfile.lock. Run 'pod install' or update your CocoaPods installation.\" >&2\n    exit 1\nfi\n# This output is used by Xcode 'outputs' to avoid re-running this script phase.\necho \"SUCCESS\" > \"${SCRIPT_OUTPUT_FILE_0}\"\n";
			showEnvVarsInLog = 0;
		};
		C825E0B2BFBCDE77A314D922 /* [CP] Copy Pods Resources */ = {
			isa = PBXShellScriptBuildPhase;
			buildActionMask = 2147483647;
			files = (
			);
			inputPaths = (
			);
			name = "[CP] Copy Pods Resources";
			outputPaths = (
			);
			runOnlyForDeploymentPostprocessing = 0;
			shellPath = /bin/sh;
			shellScript = "\"${SRCROOT}/Pods/Target Support Files/Pods-whosfree/Pods-whosfree-resources.sh\"\n";
			showEnvVarsInLog = 0;
		};
		E15C63C32047CA0289979274 /* [CP] Copy Pods Resources */ = {
			isa = PBXShellScriptBuildPhase;
			buildActionMask = 2147483647;
			files = (
			);
			inputPaths = (
			);
			name = "[CP] Copy Pods Resources";
			outputPaths = (
			);
			runOnlyForDeploymentPostprocessing = 0;
			shellPath = /bin/sh;
			shellScript = "\"${SRCROOT}/Pods/Target Support Files/Pods-whosfreeTests/Pods-whosfreeTests-resources.sh\"\n";
			showEnvVarsInLog = 0;
		};
		EE0094F7EAA27DEABD229B06 /* [CP] Embed Pods Frameworks */ = {
			isa = PBXShellScriptBuildPhase;
			buildActionMask = 2147483647;
			files = (
			);
			inputPaths = (
			);
			name = "[CP] Embed Pods Frameworks";
			outputPaths = (
			);
			runOnlyForDeploymentPostprocessing = 0;
			shellPath = /bin/sh;
			shellScript = "\"${SRCROOT}/Pods/Target Support Files/Pods-whosfreeTests/Pods-whosfreeTests-frameworks.sh\"\n";
			showEnvVarsInLog = 0;
		};
		F6E41E57403EA3615E85EE9E /* [CP] Embed Pods Frameworks */ = {
			isa = PBXShellScriptBuildPhase;
			buildActionMask = 2147483647;
			files = (
			);
			inputPaths = (
				"${SRCROOT}/Pods/Target Support Files/Pods-whosfree/Pods-whosfree-frameworks.sh",
				"${BUILT_PRODUCTS_DIR}/Alamofire/Alamofire.framework",
				"${BUILT_PRODUCTS_DIR}/GTMSessionFetcher/GTMSessionFetcher.framework",
				"${BUILT_PRODUCTS_DIR}/GoogleToolboxForMac/GoogleToolboxForMac.framework",
				"${BUILT_PRODUCTS_DIR}/Kingfisher/Kingfisher.framework",
				"${BUILT_PRODUCTS_DIR}/leveldb-library/leveldb.framework",
				"${BUILT_PRODUCTS_DIR}/nanopb/nanopb.framework",
			);
			name = "[CP] Embed Pods Frameworks";
			outputPaths = (
				"${TARGET_BUILD_DIR}/${FRAMEWORKS_FOLDER_PATH}/Alamofire.framework",
				"${TARGET_BUILD_DIR}/${FRAMEWORKS_FOLDER_PATH}/GTMSessionFetcher.framework",
				"${TARGET_BUILD_DIR}/${FRAMEWORKS_FOLDER_PATH}/GoogleToolboxForMac.framework",
				"${TARGET_BUILD_DIR}/${FRAMEWORKS_FOLDER_PATH}/Kingfisher.framework",
				"${TARGET_BUILD_DIR}/${FRAMEWORKS_FOLDER_PATH}/leveldb.framework",
				"${TARGET_BUILD_DIR}/${FRAMEWORKS_FOLDER_PATH}/nanopb.framework",
			);
			runOnlyForDeploymentPostprocessing = 0;
			shellPath = /bin/sh;
			shellScript = "\"${SRCROOT}/Pods/Target Support Files/Pods-whosfree/Pods-whosfree-frameworks.sh\"\n";
			showEnvVarsInLog = 0;
		};
/* End PBXShellScriptBuildPhase section */

/* Begin PBXSourcesBuildPhase section */
		DB3DE44120571E5C00AAD2D8 /* Sources */ = {
			isa = PBXSourcesBuildPhase;
			buildActionMask = 2147483647;
			files = (
				DBACBAEB20580A8300882850 /* DatabaseServiceDelegate.swift in Sources */,
				DBACBAF020580A8E00882850 /* AuthUserServiceDelegate.swift in Sources */,
				DBACBAE420580A6900882850 /* Alert.swift in Sources */,
				DBACBAEA20580A8300882850 /* DatabaseService+Get.swift in Sources */,
				DB3DE44920571E5C00AAD2D8 /* AppDelegate.swift in Sources */,
				DBACBAE020580A6900882850 /* NetworkConnectivity.swift in Sources */,
				DB3DE47B205721C000AAD2D8 /* LoginVC.swift in Sources */,
				DBACBAEF20580A8E00882850 /* AuthUserService.swift in Sources */,
				DBACBAEC20580A8300882850 /* DatabaseService.swift in Sources */,
				DB3DE484205722AE00AAD2D8 /* LoginView.swift in Sources */,
				DBACBAF220580A9800882850 /* StorageService.swift in Sources */,
				DBACBAE120580A6900882850 /* NetworkHelper.swift in Sources */,
				DBACBAF420580AA500882850 /* UserProfile.swift in Sources */,
				DB3DE45120571E5C00AAD2D8 /* whosfree.xcdatamodeld in Sources */,
				DBACBAE220580A6900882850 /* StyleSheet.swift in Sources */,
				DBACBAE920580A8300882850 /* DatabaseService+Add.swift in Sources */,
			);
			runOnlyForDeploymentPostprocessing = 0;
		};
		DB3DE45820571E5D00AAD2D8 /* Sources */ = {
			isa = PBXSourcesBuildPhase;
			buildActionMask = 2147483647;
			files = (
				DB3DE46120571E5D00AAD2D8 /* whosfreeTests.swift in Sources */,
			);
			runOnlyForDeploymentPostprocessing = 0;
		};
		DB3DE46320571E5D00AAD2D8 /* Sources */ = {
			isa = PBXSourcesBuildPhase;
			buildActionMask = 2147483647;
			files = (
				DB3DE46C20571E5D00AAD2D8 /* whosfreeUITests.swift in Sources */,
			);
			runOnlyForDeploymentPostprocessing = 0;
		};
/* End PBXSourcesBuildPhase section */

/* Begin PBXTargetDependency section */
		DB3DE45E20571E5D00AAD2D8 /* PBXTargetDependency */ = {
			isa = PBXTargetDependency;
			target = DB3DE44420571E5C00AAD2D8 /* whosfree */;
			targetProxy = DB3DE45D20571E5D00AAD2D8 /* PBXContainerItemProxy */;
		};
		DB3DE46920571E5D00AAD2D8 /* PBXTargetDependency */ = {
			isa = PBXTargetDependency;
			target = DB3DE44420571E5C00AAD2D8 /* whosfree */;
			targetProxy = DB3DE46820571E5D00AAD2D8 /* PBXContainerItemProxy */;
		};
/* End PBXTargetDependency section */

/* Begin PBXVariantGroup section */
		DB3DE45420571E5C00AAD2D8 /* LaunchScreen.storyboard */ = {
			isa = PBXVariantGroup;
			children = (
				DB3DE45520571E5C00AAD2D8 /* Base */,
			);
			name = LaunchScreen.storyboard;
			sourceTree = "<group>";
		};
/* End PBXVariantGroup section */

/* Begin XCBuildConfiguration section */
		DB3DE46E20571E5D00AAD2D8 /* Debug */ = {
			isa = XCBuildConfiguration;
			buildSettings = {
				ALWAYS_SEARCH_USER_PATHS = NO;
				CLANG_ANALYZER_NONNULL = YES;
				CLANG_ANALYZER_NUMBER_OBJECT_CONVERSION = YES_AGGRESSIVE;
				CLANG_CXX_LANGUAGE_STANDARD = "gnu++14";
				CLANG_CXX_LIBRARY = "libc++";
				CLANG_ENABLE_MODULES = YES;
				CLANG_ENABLE_OBJC_ARC = YES;
				CLANG_WARN_BLOCK_CAPTURE_AUTORELEASING = YES;
				CLANG_WARN_BOOL_CONVERSION = YES;
				CLANG_WARN_COMMA = YES;
				CLANG_WARN_CONSTANT_CONVERSION = YES;
				CLANG_WARN_DIRECT_OBJC_ISA_USAGE = YES_ERROR;
				CLANG_WARN_DOCUMENTATION_COMMENTS = YES;
				CLANG_WARN_EMPTY_BODY = YES;
				CLANG_WARN_ENUM_CONVERSION = YES;
				CLANG_WARN_INFINITE_RECURSION = YES;
				CLANG_WARN_INT_CONVERSION = YES;
				CLANG_WARN_NON_LITERAL_NULL_CONVERSION = YES;
				CLANG_WARN_OBJC_LITERAL_CONVERSION = YES;
				CLANG_WARN_OBJC_ROOT_CLASS = YES_ERROR;
				CLANG_WARN_RANGE_LOOP_ANALYSIS = YES;
				CLANG_WARN_STRICT_PROTOTYPES = YES;
				CLANG_WARN_SUSPICIOUS_MOVE = YES;
				CLANG_WARN_UNGUARDED_AVAILABILITY = YES_AGGRESSIVE;
				CLANG_WARN_UNREACHABLE_CODE = YES;
				CLANG_WARN__DUPLICATE_METHOD_MATCH = YES;
				CODE_SIGN_IDENTITY = "iPhone Developer";
				COPY_PHASE_STRIP = NO;
				DEBUG_INFORMATION_FORMAT = dwarf;
				ENABLE_STRICT_OBJC_MSGSEND = YES;
				ENABLE_TESTABILITY = YES;
				GCC_C_LANGUAGE_STANDARD = gnu11;
				GCC_DYNAMIC_NO_PIC = NO;
				GCC_NO_COMMON_BLOCKS = YES;
				GCC_OPTIMIZATION_LEVEL = 0;
				GCC_PREPROCESSOR_DEFINITIONS = (
					"DEBUG=1",
					"$(inherited)",
				);
				GCC_WARN_64_TO_32_BIT_CONVERSION = YES;
				GCC_WARN_ABOUT_RETURN_TYPE = YES_ERROR;
				GCC_WARN_UNDECLARED_SELECTOR = YES;
				GCC_WARN_UNINITIALIZED_AUTOS = YES_AGGRESSIVE;
				GCC_WARN_UNUSED_FUNCTION = YES;
				GCC_WARN_UNUSED_VARIABLE = YES;
				IPHONEOS_DEPLOYMENT_TARGET = 11.2;
				MTL_ENABLE_DEBUG_INFO = YES;
				ONLY_ACTIVE_ARCH = YES;
				SDKROOT = iphoneos;
				SWIFT_ACTIVE_COMPILATION_CONDITIONS = DEBUG;
				SWIFT_OPTIMIZATION_LEVEL = "-Onone";
			};
			name = Debug;
		};
		DB3DE46F20571E5D00AAD2D8 /* Release */ = {
			isa = XCBuildConfiguration;
			buildSettings = {
				ALWAYS_SEARCH_USER_PATHS = NO;
				CLANG_ANALYZER_NONNULL = YES;
				CLANG_ANALYZER_NUMBER_OBJECT_CONVERSION = YES_AGGRESSIVE;
				CLANG_CXX_LANGUAGE_STANDARD = "gnu++14";
				CLANG_CXX_LIBRARY = "libc++";
				CLANG_ENABLE_MODULES = YES;
				CLANG_ENABLE_OBJC_ARC = YES;
				CLANG_WARN_BLOCK_CAPTURE_AUTORELEASING = YES;
				CLANG_WARN_BOOL_CONVERSION = YES;
				CLANG_WARN_COMMA = YES;
				CLANG_WARN_CONSTANT_CONVERSION = YES;
				CLANG_WARN_DIRECT_OBJC_ISA_USAGE = YES_ERROR;
				CLANG_WARN_DOCUMENTATION_COMMENTS = YES;
				CLANG_WARN_EMPTY_BODY = YES;
				CLANG_WARN_ENUM_CONVERSION = YES;
				CLANG_WARN_INFINITE_RECURSION = YES;
				CLANG_WARN_INT_CONVERSION = YES;
				CLANG_WARN_NON_LITERAL_NULL_CONVERSION = YES;
				CLANG_WARN_OBJC_LITERAL_CONVERSION = YES;
				CLANG_WARN_OBJC_ROOT_CLASS = YES_ERROR;
				CLANG_WARN_RANGE_LOOP_ANALYSIS = YES;
				CLANG_WARN_STRICT_PROTOTYPES = YES;
				CLANG_WARN_SUSPICIOUS_MOVE = YES;
				CLANG_WARN_UNGUARDED_AVAILABILITY = YES_AGGRESSIVE;
				CLANG_WARN_UNREACHABLE_CODE = YES;
				CLANG_WARN__DUPLICATE_METHOD_MATCH = YES;
				CODE_SIGN_IDENTITY = "iPhone Developer";
				COPY_PHASE_STRIP = NO;
				DEBUG_INFORMATION_FORMAT = "dwarf-with-dsym";
				ENABLE_NS_ASSERTIONS = NO;
				ENABLE_STRICT_OBJC_MSGSEND = YES;
				GCC_C_LANGUAGE_STANDARD = gnu11;
				GCC_NO_COMMON_BLOCKS = YES;
				GCC_WARN_64_TO_32_BIT_CONVERSION = YES;
				GCC_WARN_ABOUT_RETURN_TYPE = YES_ERROR;
				GCC_WARN_UNDECLARED_SELECTOR = YES;
				GCC_WARN_UNINITIALIZED_AUTOS = YES_AGGRESSIVE;
				GCC_WARN_UNUSED_FUNCTION = YES;
				GCC_WARN_UNUSED_VARIABLE = YES;
				IPHONEOS_DEPLOYMENT_TARGET = 11.2;
				MTL_ENABLE_DEBUG_INFO = NO;
				SDKROOT = iphoneos;
				SWIFT_OPTIMIZATION_LEVEL = "-Owholemodule";
				VALIDATE_PRODUCT = YES;
			};
			name = Release;
		};
		DB3DE47120571E5D00AAD2D8 /* Debug */ = {
			isa = XCBuildConfiguration;
			baseConfigurationReference = 60E208FAA28830ACA6B5C3A2 /* Pods-whosfree.debug.xcconfig */;
			buildSettings = {
				ASSETCATALOG_COMPILER_APPICON_NAME = AppIcon;
				CODE_SIGN_STYLE = Automatic;
				INFOPLIST_FILE = whosfree/Info.plist;
				LD_RUNPATH_SEARCH_PATHS = "$(inherited) @executable_path/Frameworks";
				PRODUCT_BUNDLE_IDENTIFIER = RC.whosfree;
				PRODUCT_NAME = "$(TARGET_NAME)";
				SWIFT_VERSION = 4.0;
				TARGETED_DEVICE_FAMILY = "1,2";
			};
			name = Debug;
		};
		DB3DE47220571E5D00AAD2D8 /* Release */ = {
			isa = XCBuildConfiguration;
			baseConfigurationReference = 01B615F746D6519FDD4F49D5 /* Pods-whosfree.release.xcconfig */;
			buildSettings = {
				ASSETCATALOG_COMPILER_APPICON_NAME = AppIcon;
				CODE_SIGN_STYLE = Automatic;
				INFOPLIST_FILE = whosfree/Info.plist;
				LD_RUNPATH_SEARCH_PATHS = "$(inherited) @executable_path/Frameworks";
				PRODUCT_BUNDLE_IDENTIFIER = RC.whosfree;
				PRODUCT_NAME = "$(TARGET_NAME)";
				SWIFT_VERSION = 4.0;
				TARGETED_DEVICE_FAMILY = "1,2";
			};
			name = Release;
		};
		DB3DE47420571E5D00AAD2D8 /* Debug */ = {
			isa = XCBuildConfiguration;
			baseConfigurationReference = 3917AF58BC19B9E685204473 /* Pods-whosfreeTests.debug.xcconfig */;
			buildSettings = {
				ALWAYS_EMBED_SWIFT_STANDARD_LIBRARIES = YES;
				BUNDLE_LOADER = "$(TEST_HOST)";
				CODE_SIGN_STYLE = Automatic;
				INFOPLIST_FILE = whosfreeTests/Info.plist;
				LD_RUNPATH_SEARCH_PATHS = "$(inherited) @executable_path/Frameworks @loader_path/Frameworks";
				PRODUCT_BUNDLE_IDENTIFIER = RC.whosfreeTests;
				PRODUCT_NAME = "$(TARGET_NAME)";
				SWIFT_VERSION = 4.0;
				TARGETED_DEVICE_FAMILY = "1,2";
				TEST_HOST = "$(BUILT_PRODUCTS_DIR)/whosfree.app/whosfree";
			};
			name = Debug;
		};
		DB3DE47520571E5D00AAD2D8 /* Release */ = {
			isa = XCBuildConfiguration;
			baseConfigurationReference = 5EC3006618216CCAFE016C39 /* Pods-whosfreeTests.release.xcconfig */;
			buildSettings = {
				ALWAYS_EMBED_SWIFT_STANDARD_LIBRARIES = YES;
				BUNDLE_LOADER = "$(TEST_HOST)";
				CODE_SIGN_STYLE = Automatic;
				INFOPLIST_FILE = whosfreeTests/Info.plist;
				LD_RUNPATH_SEARCH_PATHS = "$(inherited) @executable_path/Frameworks @loader_path/Frameworks";
				PRODUCT_BUNDLE_IDENTIFIER = RC.whosfreeTests;
				PRODUCT_NAME = "$(TARGET_NAME)";
				SWIFT_VERSION = 4.0;
				TARGETED_DEVICE_FAMILY = "1,2";
				TEST_HOST = "$(BUILT_PRODUCTS_DIR)/whosfree.app/whosfree";
			};
			name = Release;
		};
		DB3DE47720571E5D00AAD2D8 /* Debug */ = {
			isa = XCBuildConfiguration;
			baseConfigurationReference = 7CF222DD50E6FE553458725A /* Pods-whosfreeUITests.debug.xcconfig */;
			buildSettings = {
				ALWAYS_EMBED_SWIFT_STANDARD_LIBRARIES = YES;
				CODE_SIGN_STYLE = Automatic;
				INFOPLIST_FILE = whosfreeUITests/Info.plist;
				LD_RUNPATH_SEARCH_PATHS = "$(inherited) @executable_path/Frameworks @loader_path/Frameworks";
				PRODUCT_BUNDLE_IDENTIFIER = RC.whosfreeUITests;
				PRODUCT_NAME = "$(TARGET_NAME)";
				SWIFT_VERSION = 4.0;
				TARGETED_DEVICE_FAMILY = "1,2";
				TEST_TARGET_NAME = whosfree;
			};
			name = Debug;
		};
		DB3DE47820571E5D00AAD2D8 /* Release */ = {
			isa = XCBuildConfiguration;
			baseConfigurationReference = 95AFDAA9FE5BB29F7E498C64 /* Pods-whosfreeUITests.release.xcconfig */;
			buildSettings = {
				ALWAYS_EMBED_SWIFT_STANDARD_LIBRARIES = YES;
				CODE_SIGN_STYLE = Automatic;
				INFOPLIST_FILE = whosfreeUITests/Info.plist;
				LD_RUNPATH_SEARCH_PATHS = "$(inherited) @executable_path/Frameworks @loader_path/Frameworks";
				PRODUCT_BUNDLE_IDENTIFIER = RC.whosfreeUITests;
				PRODUCT_NAME = "$(TARGET_NAME)";
				SWIFT_VERSION = 4.0;
				TARGETED_DEVICE_FAMILY = "1,2";
				TEST_TARGET_NAME = whosfree;
			};
			name = Release;
		};
/* End XCBuildConfiguration section */

/* Begin XCConfigurationList section */
		DB3DE44020571E5C00AAD2D8 /* Build configuration list for PBXProject "whosfree" */ = {
			isa = XCConfigurationList;
			buildConfigurations = (
				DB3DE46E20571E5D00AAD2D8 /* Debug */,
				DB3DE46F20571E5D00AAD2D8 /* Release */,
			);
			defaultConfigurationIsVisible = 0;
			defaultConfigurationName = Release;
		};
		DB3DE47020571E5D00AAD2D8 /* Build configuration list for PBXNativeTarget "whosfree" */ = {
			isa = XCConfigurationList;
			buildConfigurations = (
				DB3DE47120571E5D00AAD2D8 /* Debug */,
				DB3DE47220571E5D00AAD2D8 /* Release */,
			);
			defaultConfigurationIsVisible = 0;
			defaultConfigurationName = Release;
		};
		DB3DE47320571E5D00AAD2D8 /* Build configuration list for PBXNativeTarget "whosfreeTests" */ = {
			isa = XCConfigurationList;
			buildConfigurations = (
				DB3DE47420571E5D00AAD2D8 /* Debug */,
				DB3DE47520571E5D00AAD2D8 /* Release */,
			);
			defaultConfigurationIsVisible = 0;
			defaultConfigurationName = Release;
		};
		DB3DE47620571E5D00AAD2D8 /* Build configuration list for PBXNativeTarget "whosfreeUITests" */ = {
			isa = XCConfigurationList;
			buildConfigurations = (
				DB3DE47720571E5D00AAD2D8 /* Debug */,
				DB3DE47820571E5D00AAD2D8 /* Release */,
			);
			defaultConfigurationIsVisible = 0;
			defaultConfigurationName = Release;
		};
/* End XCConfigurationList section */

/* Begin XCVersionGroup section */
		DB3DE44F20571E5C00AAD2D8 /* whosfree.xcdatamodeld */ = {
			isa = XCVersionGroup;
			children = (
				DB3DE45020571E5C00AAD2D8 /* whosfree.xcdatamodel */,
			);
			currentVersion = DB3DE45020571E5C00AAD2D8 /* whosfree.xcdatamodel */;
			path = whosfree.xcdatamodeld;
			sourceTree = "<group>";
			versionGroupType = wrapper.xcdatamodel;
		};
/* End XCVersionGroup section */
	};
	rootObject = DB3DE43D20571E5C00AAD2D8 /* Project object */;
}
