// !$*UTF8*$!
{
	archiveVersion = 1;
	classes = {
	};
	objectVersion = 48;
	objects = {

/* Begin PBXBuildFile section */
		5A02D534D00123711E33753F /* Pods_whosfreeUITests.framework in Frameworks */ = {isa = PBXBuildFile; fileRef = 7DD5219901C00B5DBC74C7D0 /* Pods_whosfreeUITests.framework */; };
		84F06A9A6BF121D360D801EC /* Pods_whosfree.framework in Frameworks */ = {isa = PBXBuildFile; fileRef = 56270434984F66181CF21D95 /* Pods_whosfree.framework */; };
		94FF2030ABE4CB093C686CC7 /* Pods_whosfreeTests.framework in Frameworks */ = {isa = PBXBuildFile; fileRef = 21925C818A4A3361FA7E2477 /* Pods_whosfreeTests.framework */; };
		D2603BFD20655B2000A55A87 /* CreateEventCell.swift in Sources */ = {isa = PBXBuildFile; fileRef = D2603BFC20655B2000A55A87 /* CreateEventCell.swift */; };
		DB3DE44920571E5C00AAD2D8 /* AppDelegate.swift in Sources */ = {isa = PBXBuildFile; fileRef = DB3DE44820571E5C00AAD2D8 /* AppDelegate.swift */; };
		DB3DE45120571E5C00AAD2D8 /* whosfree.xcdatamodeld in Sources */ = {isa = PBXBuildFile; fileRef = DB3DE44F20571E5C00AAD2D8 /* whosfree.xcdatamodeld */; };
		DB3DE45320571E5C00AAD2D8 /* Assets.xcassets in Resources */ = {isa = PBXBuildFile; fileRef = DB3DE45220571E5C00AAD2D8 /* Assets.xcassets */; };
		DB3DE45620571E5C00AAD2D8 /* LaunchScreen.storyboard in Resources */ = {isa = PBXBuildFile; fileRef = DB3DE45420571E5C00AAD2D8 /* LaunchScreen.storyboard */; };
		DB3DE46120571E5D00AAD2D8 /* whosfreeTests.swift in Sources */ = {isa = PBXBuildFile; fileRef = DB3DE46020571E5D00AAD2D8 /* whosfreeTests.swift */; };
		DB3DE46C20571E5D00AAD2D8 /* whosfreeUITests.swift in Sources */ = {isa = PBXBuildFile; fileRef = DB3DE46B20571E5D00AAD2D8 /* whosfreeUITests.swift */; };
		DB3DE47B205721C000AAD2D8 /* SignInViewController.swift in Sources */ = {isa = PBXBuildFile; fileRef = DB3DE47A205721C000AAD2D8 /* SignInViewController.swift */; };
		DB3DE484205722AE00AAD2D8 /* SignInView.swift in Sources */ = {isa = PBXBuildFile; fileRef = DB3DE483205722AE00AAD2D8 /* SignInView.swift */; };
		DB3DE486205723A400AAD2D8 /* GoogleService-Info.plist in Resources */ = {isa = PBXBuildFile; fileRef = DB3DE485205723A400AAD2D8 /* GoogleService-Info.plist */; };
		DB3F6AC22065624D0015A946 /* InviteFriendsViewController.swift in Sources */ = {isa = PBXBuildFile; fileRef = DB3F6AC12065624D0015A946 /* InviteFriendsViewController.swift */; };
		DB3F6AC4206562840015A946 /* InviteFriendsView.swift in Sources */ = {isa = PBXBuildFile; fileRef = DB3F6AC3206562840015A946 /* InviteFriendsView.swift */; };
		DB3FE9572067F2E7005DCE47 /* EditEventView.swift in Sources */ = {isa = PBXBuildFile; fileRef = DB3FE9562067F2E7005DCE47 /* EditEventView.swift */; };
		DB3FE9592067F303005DCE47 /* EditEventViewController.swift in Sources */ = {isa = PBXBuildFile; fileRef = DB3FE9582067F303005DCE47 /* EditEventViewController.swift */; };
		DB7E3EA8205944A70075AA99 /* iShowTimeAPIHelper.swift in Sources */ = {isa = PBXBuildFile; fileRef = DB7E3EA7205944A70075AA99 /* iShowTimeAPIHelper.swift */; };
		DB7E3EAB205945640075AA99 /* DatabaseService+Edit.swift in Sources */ = {isa = PBXBuildFile; fileRef = DB7E3EA9205945630075AA99 /* DatabaseService+Edit.swift */; };
		DB7E3EAC205945640075AA99 /* DatabaseService+Delete.swift in Sources */ = {isa = PBXBuildFile; fileRef = DB7E3EAA205945640075AA99 /* DatabaseService+Delete.swift */; };
		DB7E3EAE2059517B0075AA99 /* Comment.swift in Sources */ = {isa = PBXBuildFile; fileRef = DB7E3EAD2059517B0075AA99 /* Comment.swift */; };
		DB7E3EB0205967090075AA99 /* Event.swift in Sources */ = {isa = PBXBuildFile; fileRef = DB7E3EAF205967090075AA99 /* Event.swift */; };
		DBACBAE020580A6900882850 /* NetworkConnectivity.swift in Sources */ = {isa = PBXBuildFile; fileRef = DBACBADB20580A6800882850 /* NetworkConnectivity.swift */; };
		DBACBAE120580A6900882850 /* NetworkHelper.swift in Sources */ = {isa = PBXBuildFile; fileRef = DBACBADC20580A6800882850 /* NetworkHelper.swift */; };
		DBACBAE220580A6900882850 /* StyleSheet.swift in Sources */ = {isa = PBXBuildFile; fileRef = DBACBADD20580A6800882850 /* StyleSheet.swift */; };
		DBACBAE420580A6900882850 /* Alert.swift in Sources */ = {isa = PBXBuildFile; fileRef = DBACBADF20580A6800882850 /* Alert.swift */; };
		DBACBAE920580A8300882850 /* DatabaseService+Add.swift in Sources */ = {isa = PBXBuildFile; fileRef = DBACBAE520580A8300882850 /* DatabaseService+Add.swift */; };
		DBACBAEA20580A8300882850 /* DatabaseService+Get.swift in Sources */ = {isa = PBXBuildFile; fileRef = DBACBAE620580A8300882850 /* DatabaseService+Get.swift */; };
		DBACBAEB20580A8300882850 /* DatabaseServiceDelegate.swift in Sources */ = {isa = PBXBuildFile; fileRef = DBACBAE720580A8300882850 /* DatabaseServiceDelegate.swift */; };
		DBACBAEC20580A8300882850 /* DatabaseService.swift in Sources */ = {isa = PBXBuildFile; fileRef = DBACBAE820580A8300882850 /* DatabaseService.swift */; };
		DBACBAF220580A9800882850 /* StorageService.swift in Sources */ = {isa = PBXBuildFile; fileRef = DBACBAF120580A9800882850 /* StorageService.swift */; };
		DBACBAF420580AA500882850 /* UserProfile.swift in Sources */ = {isa = PBXBuildFile; fileRef = DBACBAF320580AA500882850 /* UserProfile.swift */; };
		DBDDDC80206005C9009F4908 /* ExistingFriendsTableViewCell.swift in Sources */ = {isa = PBXBuildFile; fileRef = DBDDDC7F206005C9009F4908 /* ExistingFriendsTableViewCell.swift */; };
		DBE59973205C1F5C00FD1898 /* EventListViewController.swift in Sources */ = {isa = PBXBuildFile; fileRef = DBE59972205C1F5C00FD1898 /* EventListViewController.swift */; };
		DBE59975205C1F7000FD1898 /* EventListView.swift in Sources */ = {isa = PBXBuildFile; fileRef = DBE59974205C1F7000FD1898 /* EventListView.swift */; };
		DBE59977205C1F8900FD1898 /* EventTableViewCell.swift in Sources */ = {isa = PBXBuildFile; fileRef = DBE59976205C1F8900FD1898 /* EventTableViewCell.swift */; };
		DBE59979205C1FA500FD1898 /* EventDetailViewController.swift in Sources */ = {isa = PBXBuildFile; fileRef = DBE59978205C1FA500FD1898 /* EventDetailViewController.swift */; };
		DBE5997B205C1FC200FD1898 /* EventDetailView.swift in Sources */ = {isa = PBXBuildFile; fileRef = DBE5997A205C1FC200FD1898 /* EventDetailView.swift */; };
		DBE5997D205C1FD500FD1898 /* CreateEventViewController.swift in Sources */ = {isa = PBXBuildFile; fileRef = DBE5997C205C1FD500FD1898 /* CreateEventViewController.swift */; };
		DBE5997F205C1FEA00FD1898 /* CreateEventView.swift in Sources */ = {isa = PBXBuildFile; fileRef = DBE5997E205C1FEA00FD1898 /* CreateEventView.swift */; };
		DBE59981205C1FFD00FD1898 /* EventTypeTableViewCell.swift in Sources */ = {isa = PBXBuildFile; fileRef = DBE59980205C1FFD00FD1898 /* EventTypeTableViewCell.swift */; };
		DBE59983205C201600FD1898 /* VenueViewController.swift in Sources */ = {isa = PBXBuildFile; fileRef = DBE59982205C201600FD1898 /* VenueViewController.swift */; };
		DBE5998B205C209800FD1898 /* VenueView.swift in Sources */ = {isa = PBXBuildFile; fileRef = DBE5998A205C209800FD1898 /* VenueView.swift */; };
		DBE5998D205C20AF00FD1898 /* VenueDetailViewController.swift in Sources */ = {isa = PBXBuildFile; fileRef = DBE5998C205C20AF00FD1898 /* VenueDetailViewController.swift */; };
		DBE5998F205C20C600FD1898 /* VenueDetailView.swift in Sources */ = {isa = PBXBuildFile; fileRef = DBE5998E205C20C600FD1898 /* VenueDetailView.swift */; };
		DBE59991205C20F300FD1898 /* TheatersViewController.swift in Sources */ = {isa = PBXBuildFile; fileRef = DBE59990205C20F300FD1898 /* TheatersViewController.swift */; };
		DBE59993205C211000FD1898 /* TheatersView.swift in Sources */ = {isa = PBXBuildFile; fileRef = DBE59992205C211000FD1898 /* TheatersView.swift */; };
		DBE59997205C213B00FD1898 /* TheaterTableViewCell.swift in Sources */ = {isa = PBXBuildFile; fileRef = DBE59996205C213B00FD1898 /* TheaterTableViewCell.swift */; };
		DBE59999205C215900FD1898 /* TheaterShowtimesViewController.swift in Sources */ = {isa = PBXBuildFile; fileRef = DBE59998205C215900FD1898 /* TheaterShowtimesViewController.swift */; };
		DBE5999B205C216B00FD1898 /* TheaterShowtimesView.swift in Sources */ = {isa = PBXBuildFile; fileRef = DBE5999A205C216B00FD1898 /* TheaterShowtimesView.swift */; };
		DBE5999D205C217D00FD1898 /* MovieTableViewCell.swift in Sources */ = {isa = PBXBuildFile; fileRef = DBE5999C205C217D00FD1898 /* MovieTableViewCell.swift */; };
		DBE599AD205C228300FD1898 /* ChatViewController.swift in Sources */ = {isa = PBXBuildFile; fileRef = DBE599AC205C228300FD1898 /* ChatViewController.swift */; };
		DBE599AF205C229700FD1898 /* ChatView.swift in Sources */ = {isa = PBXBuildFile; fileRef = DBE599AE205C229700FD1898 /* ChatView.swift */; };
		DBE599B1205C22BA00FD1898 /* ChatTableViewCell.swift in Sources */ = {isa = PBXBuildFile; fileRef = DBE599B0205C22BA00FD1898 /* ChatTableViewCell.swift */; };
		E22D85972060532400A13ED1 /* FirebaseAuthService.swift in Sources */ = {isa = PBXBuildFile; fileRef = E22D85962060532400A13ED1 /* FirebaseAuthService.swift */; };
		E22D8599206054A900A13ED1 /* SignInContainerView.swift in Sources */ = {isa = PBXBuildFile; fileRef = E22D8598206054A900A13ED1 /* SignInContainerView.swift */; };
		E22D859B206054B900A13ED1 /* SignUpContainerView.swift in Sources */ = {isa = PBXBuildFile; fileRef = E22D859A206054B900A13ED1 /* SignUpContainerView.swift */; };
		E22D859D20605CCC00A13ED1 /* Theater.swift in Sources */ = {isa = PBXBuildFile; fileRef = E22D859C20605CCC00A13ED1 /* Theater.swift */; };
		E22D859F20605F1900A13ED1 /* MovieHeaderView.swift in Sources */ = {isa = PBXBuildFile; fileRef = E22D859E20605F1900A13ED1 /* MovieHeaderView.swift */; };
		E22D85A120605F6200A13ED1 /* Showtime.swift in Sources */ = {isa = PBXBuildFile; fileRef = E22D85A020605F6200A13ED1 /* Showtime.swift */; };
		E22D85A7206061CF00A13ED1 /* TheaterAPIClient.swift in Sources */ = {isa = PBXBuildFile; fileRef = E22D85A6206061CF00A13ED1 /* TheaterAPIClient.swift */; };
		E22D85A9206061E900A13ED1 /* ShowtimeAPIClient.swift in Sources */ = {isa = PBXBuildFile; fileRef = E22D85A8206061E900A13ED1 /* ShowtimeAPIClient.swift */; };
		E22D85AB2060621900A13ED1 /* VenueAPIClient.swift in Sources */ = {isa = PBXBuildFile; fileRef = E22D85AA2060621900A13ED1 /* VenueAPIClient.swift */; };
		E22D85AD2060623800A13ED1 /* VenueReviewAPIClient.swift in Sources */ = {isa = PBXBuildFile; fileRef = E22D85AC2060623800A13ED1 /* VenueReviewAPIClient.swift */; };
		E22D85AF2060625600A13ED1 /* Venue.swift in Sources */ = {isa = PBXBuildFile; fileRef = E22D85AE2060625600A13ED1 /* Venue.swift */; };
		E22D85B12060626800A13ED1 /* VenueReview.swift in Sources */ = {isa = PBXBuildFile; fileRef = E22D85B02060626800A13ED1 /* VenueReview.swift */; };
		E248A1F12061F8630080A9E5 /* StorageService+UsersImages.swift in Sources */ = {isa = PBXBuildFile; fileRef = E248A1F02061F8630080A9E5 /* StorageService+UsersImages.swift */; };
		E248A1F32061F8800080A9E5 /* StorageService+EventsImages.swift in Sources */ = {isa = PBXBuildFile; fileRef = E248A1F22061F8800080A9E5 /* StorageService+EventsImages.swift */; };
		E2EA2089206AE4DE003450E9 /* FriendsCollectionViewCell.swift in Sources */ = {isa = PBXBuildFile; fileRef = E2EA2088206AE4DE003450E9 /* FriendsCollectionViewCell.swift */; };
		E2FBFBF020656A5E005C910B /* Contact.swift in Sources */ = {isa = PBXBuildFile; fileRef = E2FBFBEF20656A5E005C910B /* Contact.swift */; };
/* End PBXBuildFile section */

/* Begin PBXContainerItemProxy section */
		DB3DE45D20571E5D00AAD2D8 /* PBXContainerItemProxy */ = {
			isa = PBXContainerItemProxy;
			containerPortal = DB3DE43D20571E5C00AAD2D8 /* Project object */;
			proxyType = 1;
			remoteGlobalIDString = DB3DE44420571E5C00AAD2D8;
			remoteInfo = whosfree;
		};
		DB3DE46820571E5D00AAD2D8 /* PBXContainerItemProxy */ = {
			isa = PBXContainerItemProxy;
			containerPortal = DB3DE43D20571E5C00AAD2D8 /* Project object */;
			proxyType = 1;
			remoteGlobalIDString = DB3DE44420571E5C00AAD2D8;
			remoteInfo = whosfree;
		};
/* End PBXContainerItemProxy section */

/* Begin PBXFileReference section */
		01B615F746D6519FDD4F49D5 /* Pods-whosfree.release.xcconfig */ = {isa = PBXFileReference; includeInIndex = 1; lastKnownFileType = text.xcconfig; name = "Pods-whosfree.release.xcconfig"; path = "Pods/Target Support Files/Pods-whosfree/Pods-whosfree.release.xcconfig"; sourceTree = "<group>"; };
		21925C818A4A3361FA7E2477 /* Pods_whosfreeTests.framework */ = {isa = PBXFileReference; explicitFileType = wrapper.framework; includeInIndex = 0; path = Pods_whosfreeTests.framework; sourceTree = BUILT_PRODUCTS_DIR; };
		3917AF58BC19B9E685204473 /* Pods-whosfreeTests.debug.xcconfig */ = {isa = PBXFileReference; includeInIndex = 1; lastKnownFileType = text.xcconfig; name = "Pods-whosfreeTests.debug.xcconfig"; path = "Pods/Target Support Files/Pods-whosfreeTests/Pods-whosfreeTests.debug.xcconfig"; sourceTree = "<group>"; };
		56270434984F66181CF21D95 /* Pods_whosfree.framework */ = {isa = PBXFileReference; explicitFileType = wrapper.framework; includeInIndex = 0; path = Pods_whosfree.framework; sourceTree = BUILT_PRODUCTS_DIR; };
		5EC3006618216CCAFE016C39 /* Pods-whosfreeTests.release.xcconfig */ = {isa = PBXFileReference; includeInIndex = 1; lastKnownFileType = text.xcconfig; name = "Pods-whosfreeTests.release.xcconfig"; path = "Pods/Target Support Files/Pods-whosfreeTests/Pods-whosfreeTests.release.xcconfig"; sourceTree = "<group>"; };
		60E208FAA28830ACA6B5C3A2 /* Pods-whosfree.debug.xcconfig */ = {isa = PBXFileReference; includeInIndex = 1; lastKnownFileType = text.xcconfig; name = "Pods-whosfree.debug.xcconfig"; path = "Pods/Target Support Files/Pods-whosfree/Pods-whosfree.debug.xcconfig"; sourceTree = "<group>"; };
		7CF222DD50E6FE553458725A /* Pods-whosfreeUITests.debug.xcconfig */ = {isa = PBXFileReference; includeInIndex = 1; lastKnownFileType = text.xcconfig; name = "Pods-whosfreeUITests.debug.xcconfig"; path = "Pods/Target Support Files/Pods-whosfreeUITests/Pods-whosfreeUITests.debug.xcconfig"; sourceTree = "<group>"; };
		7DD5219901C00B5DBC74C7D0 /* Pods_whosfreeUITests.framework */ = {isa = PBXFileReference; explicitFileType = wrapper.framework; includeInIndex = 0; path = Pods_whosfreeUITests.framework; sourceTree = BUILT_PRODUCTS_DIR; };
		95AFDAA9FE5BB29F7E498C64 /* Pods-whosfreeUITests.release.xcconfig */ = {isa = PBXFileReference; includeInIndex = 1; lastKnownFileType = text.xcconfig; name = "Pods-whosfreeUITests.release.xcconfig"; path = "Pods/Target Support Files/Pods-whosfreeUITests/Pods-whosfreeUITests.release.xcconfig"; sourceTree = "<group>"; };
		D2603BFC20655B2000A55A87 /* CreateEventCell.swift */ = {isa = PBXFileReference; lastKnownFileType = sourcecode.swift; path = CreateEventCell.swift; sourceTree = "<group>"; };
		DB3DE44520571E5C00AAD2D8 /* whosfree.app */ = {isa = PBXFileReference; explicitFileType = wrapper.application; includeInIndex = 0; path = whosfree.app; sourceTree = BUILT_PRODUCTS_DIR; };
		DB3DE44820571E5C00AAD2D8 /* AppDelegate.swift */ = {isa = PBXFileReference; lastKnownFileType = sourcecode.swift; path = AppDelegate.swift; sourceTree = "<group>"; };
		DB3DE45020571E5C00AAD2D8 /* whosfree.xcdatamodel */ = {isa = PBXFileReference; lastKnownFileType = wrapper.xcdatamodel; path = whosfree.xcdatamodel; sourceTree = "<group>"; };
		DB3DE45220571E5C00AAD2D8 /* Assets.xcassets */ = {isa = PBXFileReference; lastKnownFileType = folder.assetcatalog; path = Assets.xcassets; sourceTree = "<group>"; };
		DB3DE45520571E5C00AAD2D8 /* Base */ = {isa = PBXFileReference; lastKnownFileType = file.storyboard; name = Base; path = Base.lproj/LaunchScreen.storyboard; sourceTree = "<group>"; };
		DB3DE45720571E5C00AAD2D8 /* Info.plist */ = {isa = PBXFileReference; lastKnownFileType = text.plist.xml; path = Info.plist; sourceTree = "<group>"; };
		DB3DE45C20571E5D00AAD2D8 /* whosfreeTests.xctest */ = {isa = PBXFileReference; explicitFileType = wrapper.cfbundle; includeInIndex = 0; path = whosfreeTests.xctest; sourceTree = BUILT_PRODUCTS_DIR; };
		DB3DE46020571E5D00AAD2D8 /* whosfreeTests.swift */ = {isa = PBXFileReference; lastKnownFileType = sourcecode.swift; path = whosfreeTests.swift; sourceTree = "<group>"; };
		DB3DE46220571E5D00AAD2D8 /* Info.plist */ = {isa = PBXFileReference; lastKnownFileType = text.plist.xml; path = Info.plist; sourceTree = "<group>"; };
		DB3DE46720571E5D00AAD2D8 /* whosfreeUITests.xctest */ = {isa = PBXFileReference; explicitFileType = wrapper.cfbundle; includeInIndex = 0; path = whosfreeUITests.xctest; sourceTree = BUILT_PRODUCTS_DIR; };
		DB3DE46B20571E5D00AAD2D8 /* whosfreeUITests.swift */ = {isa = PBXFileReference; lastKnownFileType = sourcecode.swift; path = whosfreeUITests.swift; sourceTree = "<group>"; };
		DB3DE46D20571E5D00AAD2D8 /* Info.plist */ = {isa = PBXFileReference; lastKnownFileType = text.plist.xml; path = Info.plist; sourceTree = "<group>"; };
		DB3DE47A205721C000AAD2D8 /* SignInViewController.swift */ = {isa = PBXFileReference; lastKnownFileType = sourcecode.swift; path = SignInViewController.swift; sourceTree = "<group>"; };
		DB3DE483205722AE00AAD2D8 /* SignInView.swift */ = {isa = PBXFileReference; lastKnownFileType = sourcecode.swift; path = SignInView.swift; sourceTree = "<group>"; };
		DB3DE485205723A400AAD2D8 /* GoogleService-Info.plist */ = {isa = PBXFileReference; fileEncoding = 4; lastKnownFileType = text.plist.xml; path = "GoogleService-Info.plist"; sourceTree = SOURCE_ROOT; };
		DB3F6AC12065624D0015A946 /* InviteFriendsViewController.swift */ = {isa = PBXFileReference; lastKnownFileType = sourcecode.swift; path = InviteFriendsViewController.swift; sourceTree = "<group>"; };
		DB3F6AC3206562840015A946 /* InviteFriendsView.swift */ = {isa = PBXFileReference; lastKnownFileType = sourcecode.swift; path = InviteFriendsView.swift; sourceTree = "<group>"; };
		DB3FE9562067F2E7005DCE47 /* EditEventView.swift */ = {isa = PBXFileReference; lastKnownFileType = sourcecode.swift; path = EditEventView.swift; sourceTree = "<group>"; };
		DB3FE9582067F303005DCE47 /* EditEventViewController.swift */ = {isa = PBXFileReference; lastKnownFileType = sourcecode.swift; path = EditEventViewController.swift; sourceTree = "<group>"; };
		DB7E3EA7205944A70075AA99 /* iShowTimeAPIHelper.swift */ = {isa = PBXFileReference; lastKnownFileType = sourcecode.swift; path = iShowTimeAPIHelper.swift; sourceTree = "<group>"; };
		DB7E3EA9205945630075AA99 /* DatabaseService+Edit.swift */ = {isa = PBXFileReference; fileEncoding = 4; lastKnownFileType = sourcecode.swift; path = "DatabaseService+Edit.swift"; sourceTree = "<group>"; };
		DB7E3EAA205945640075AA99 /* DatabaseService+Delete.swift */ = {isa = PBXFileReference; fileEncoding = 4; lastKnownFileType = sourcecode.swift; path = "DatabaseService+Delete.swift"; sourceTree = "<group>"; };
		DB7E3EAD2059517B0075AA99 /* Comment.swift */ = {isa = PBXFileReference; lastKnownFileType = sourcecode.swift; path = Comment.swift; sourceTree = "<group>"; };
		DB7E3EAF205967090075AA99 /* Event.swift */ = {isa = PBXFileReference; lastKnownFileType = sourcecode.swift; path = Event.swift; sourceTree = "<group>"; };
		DBACBADB20580A6800882850 /* NetworkConnectivity.swift */ = {isa = PBXFileReference; fileEncoding = 4; lastKnownFileType = sourcecode.swift; path = NetworkConnectivity.swift; sourceTree = "<group>"; };
		DBACBADC20580A6800882850 /* NetworkHelper.swift */ = {isa = PBXFileReference; fileEncoding = 4; lastKnownFileType = sourcecode.swift; path = NetworkHelper.swift; sourceTree = "<group>"; };
		DBACBADD20580A6800882850 /* StyleSheet.swift */ = {isa = PBXFileReference; fileEncoding = 4; lastKnownFileType = sourcecode.swift; path = StyleSheet.swift; sourceTree = "<group>"; };
		DBACBADF20580A6800882850 /* Alert.swift */ = {isa = PBXFileReference; fileEncoding = 4; lastKnownFileType = sourcecode.swift; path = Alert.swift; sourceTree = "<group>"; };
		DBACBAE520580A8300882850 /* DatabaseService+Add.swift */ = {isa = PBXFileReference; fileEncoding = 4; lastKnownFileType = sourcecode.swift; path = "DatabaseService+Add.swift"; sourceTree = "<group>"; };
		DBACBAE620580A8300882850 /* DatabaseService+Get.swift */ = {isa = PBXFileReference; fileEncoding = 4; lastKnownFileType = sourcecode.swift; path = "DatabaseService+Get.swift"; sourceTree = "<group>"; };
		DBACBAE720580A8300882850 /* DatabaseServiceDelegate.swift */ = {isa = PBXFileReference; fileEncoding = 4; lastKnownFileType = sourcecode.swift; path = DatabaseServiceDelegate.swift; sourceTree = "<group>"; };
		DBACBAE820580A8300882850 /* DatabaseService.swift */ = {isa = PBXFileReference; fileEncoding = 4; lastKnownFileType = sourcecode.swift; path = DatabaseService.swift; sourceTree = "<group>"; };
		DBACBAF120580A9800882850 /* StorageService.swift */ = {isa = PBXFileReference; fileEncoding = 4; lastKnownFileType = sourcecode.swift; path = StorageService.swift; sourceTree = "<group>"; };
		DBACBAF320580AA500882850 /* UserProfile.swift */ = {isa = PBXFileReference; fileEncoding = 4; lastKnownFileType = sourcecode.swift; path = UserProfile.swift; sourceTree = "<group>"; };
		DBDDDC7F206005C9009F4908 /* ExistingFriendsTableViewCell.swift */ = {isa = PBXFileReference; lastKnownFileType = sourcecode.swift; path = ExistingFriendsTableViewCell.swift; sourceTree = "<group>"; };
		DBE59972205C1F5C00FD1898 /* EventListViewController.swift */ = {isa = PBXFileReference; lastKnownFileType = sourcecode.swift; path = EventListViewController.swift; sourceTree = "<group>"; };
		DBE59974205C1F7000FD1898 /* EventListView.swift */ = {isa = PBXFileReference; lastKnownFileType = sourcecode.swift; path = EventListView.swift; sourceTree = "<group>"; };
		DBE59976205C1F8900FD1898 /* EventTableViewCell.swift */ = {isa = PBXFileReference; lastKnownFileType = sourcecode.swift; path = EventTableViewCell.swift; sourceTree = "<group>"; };
		DBE59978205C1FA500FD1898 /* EventDetailViewController.swift */ = {isa = PBXFileReference; lastKnownFileType = sourcecode.swift; path = EventDetailViewController.swift; sourceTree = "<group>"; };
		DBE5997A205C1FC200FD1898 /* EventDetailView.swift */ = {isa = PBXFileReference; lastKnownFileType = sourcecode.swift; path = EventDetailView.swift; sourceTree = "<group>"; };
		DBE5997C205C1FD500FD1898 /* CreateEventViewController.swift */ = {isa = PBXFileReference; lastKnownFileType = sourcecode.swift; path = CreateEventViewController.swift; sourceTree = "<group>"; };
		DBE5997E205C1FEA00FD1898 /* CreateEventView.swift */ = {isa = PBXFileReference; lastKnownFileType = sourcecode.swift; path = CreateEventView.swift; sourceTree = "<group>"; };
		DBE59980205C1FFD00FD1898 /* EventTypeTableViewCell.swift */ = {isa = PBXFileReference; lastKnownFileType = sourcecode.swift; path = EventTypeTableViewCell.swift; sourceTree = "<group>"; };
		DBE59982205C201600FD1898 /* VenueViewController.swift */ = {isa = PBXFileReference; lastKnownFileType = sourcecode.swift; path = VenueViewController.swift; sourceTree = "<group>"; };
		DBE5998A205C209800FD1898 /* VenueView.swift */ = {isa = PBXFileReference; lastKnownFileType = sourcecode.swift; path = VenueView.swift; sourceTree = "<group>"; };
		DBE5998C205C20AF00FD1898 /* VenueDetailViewController.swift */ = {isa = PBXFileReference; lastKnownFileType = sourcecode.swift; path = VenueDetailViewController.swift; sourceTree = "<group>"; };
		DBE5998E205C20C600FD1898 /* VenueDetailView.swift */ = {isa = PBXFileReference; lastKnownFileType = sourcecode.swift; path = VenueDetailView.swift; sourceTree = "<group>"; };
		DBE59990205C20F300FD1898 /* TheatersViewController.swift */ = {isa = PBXFileReference; lastKnownFileType = sourcecode.swift; path = TheatersViewController.swift; sourceTree = "<group>"; };
		DBE59992205C211000FD1898 /* TheatersView.swift */ = {isa = PBXFileReference; lastKnownFileType = sourcecode.swift; path = TheatersView.swift; sourceTree = "<group>"; };
		DBE59996205C213B00FD1898 /* TheaterTableViewCell.swift */ = {isa = PBXFileReference; lastKnownFileType = sourcecode.swift; path = TheaterTableViewCell.swift; sourceTree = "<group>"; };
		DBE59998205C215900FD1898 /* TheaterShowtimesViewController.swift */ = {isa = PBXFileReference; lastKnownFileType = sourcecode.swift; path = TheaterShowtimesViewController.swift; sourceTree = "<group>"; };
		DBE5999A205C216B00FD1898 /* TheaterShowtimesView.swift */ = {isa = PBXFileReference; lastKnownFileType = sourcecode.swift; path = TheaterShowtimesView.swift; sourceTree = "<group>"; };
		DBE5999C205C217D00FD1898 /* MovieTableViewCell.swift */ = {isa = PBXFileReference; lastKnownFileType = sourcecode.swift; path = MovieTableViewCell.swift; sourceTree = "<group>"; };
		DBE599AC205C228300FD1898 /* ChatViewController.swift */ = {isa = PBXFileReference; lastKnownFileType = sourcecode.swift; path = ChatViewController.swift; sourceTree = "<group>"; };
		DBE599AE205C229700FD1898 /* ChatView.swift */ = {isa = PBXFileReference; lastKnownFileType = sourcecode.swift; path = ChatView.swift; sourceTree = "<group>"; };
		DBE599B0205C22BA00FD1898 /* ChatTableViewCell.swift */ = {isa = PBXFileReference; lastKnownFileType = sourcecode.swift; path = ChatTableViewCell.swift; sourceTree = "<group>"; };
		E22D85962060532400A13ED1 /* FirebaseAuthService.swift */ = {isa = PBXFileReference; lastKnownFileType = sourcecode.swift; path = FirebaseAuthService.swift; sourceTree = "<group>"; };
		E22D8598206054A900A13ED1 /* SignInContainerView.swift */ = {isa = PBXFileReference; lastKnownFileType = sourcecode.swift; path = SignInContainerView.swift; sourceTree = "<group>"; };
		E22D859A206054B900A13ED1 /* SignUpContainerView.swift */ = {isa = PBXFileReference; lastKnownFileType = sourcecode.swift; path = SignUpContainerView.swift; sourceTree = "<group>"; };
		E22D859C20605CCC00A13ED1 /* Theater.swift */ = {isa = PBXFileReference; lastKnownFileType = sourcecode.swift; path = Theater.swift; sourceTree = "<group>"; };
		E22D859E20605F1900A13ED1 /* MovieHeaderView.swift */ = {isa = PBXFileReference; lastKnownFileType = sourcecode.swift; path = MovieHeaderView.swift; sourceTree = "<group>"; };
		E22D85A020605F6200A13ED1 /* Showtime.swift */ = {isa = PBXFileReference; lastKnownFileType = sourcecode.swift; path = Showtime.swift; sourceTree = "<group>"; };
		E22D85A6206061CF00A13ED1 /* TheaterAPIClient.swift */ = {isa = PBXFileReference; lastKnownFileType = sourcecode.swift; path = TheaterAPIClient.swift; sourceTree = "<group>"; };
		E22D85A8206061E900A13ED1 /* ShowtimeAPIClient.swift */ = {isa = PBXFileReference; lastKnownFileType = sourcecode.swift; path = ShowtimeAPIClient.swift; sourceTree = "<group>"; };
		E22D85AA2060621900A13ED1 /* VenueAPIClient.swift */ = {isa = PBXFileReference; lastKnownFileType = sourcecode.swift; path = VenueAPIClient.swift; sourceTree = "<group>"; };
		E22D85AC2060623800A13ED1 /* VenueReviewAPIClient.swift */ = {isa = PBXFileReference; lastKnownFileType = sourcecode.swift; path = VenueReviewAPIClient.swift; sourceTree = "<group>"; };
		E22D85AE2060625600A13ED1 /* Venue.swift */ = {isa = PBXFileReference; lastKnownFileType = sourcecode.swift; path = Venue.swift; sourceTree = "<group>"; };
		E22D85B02060626800A13ED1 /* VenueReview.swift */ = {isa = PBXFileReference; lastKnownFileType = sourcecode.swift; path = VenueReview.swift; sourceTree = "<group>"; };
		E248A1F02061F8630080A9E5 /* StorageService+UsersImages.swift */ = {isa = PBXFileReference; lastKnownFileType = sourcecode.swift; path = "StorageService+UsersImages.swift"; sourceTree = "<group>"; };
		E248A1F22061F8800080A9E5 /* StorageService+EventsImages.swift */ = {isa = PBXFileReference; lastKnownFileType = sourcecode.swift; path = "StorageService+EventsImages.swift"; sourceTree = "<group>"; };
		E2EA2088206AE4DE003450E9 /* FriendsCollectionViewCell.swift */ = {isa = PBXFileReference; lastKnownFileType = sourcecode.swift; path = FriendsCollectionViewCell.swift; sourceTree = "<group>"; };
		E2FBFBEF20656A5E005C910B /* Contact.swift */ = {isa = PBXFileReference; lastKnownFileType = sourcecode.swift; path = Contact.swift; sourceTree = "<group>"; };
/* End PBXFileReference section */

/* Begin PBXFrameworksBuildPhase section */
		DB3DE44220571E5C00AAD2D8 /* Frameworks */ = {
			isa = PBXFrameworksBuildPhase;
			buildActionMask = 2147483647;
			files = (
				84F06A9A6BF121D360D801EC /* Pods_whosfree.framework in Frameworks */,
			);
			runOnlyForDeploymentPostprocessing = 0;
		};
		DB3DE45920571E5D00AAD2D8 /* Frameworks */ = {
			isa = PBXFrameworksBuildPhase;
			buildActionMask = 2147483647;
			files = (
				94FF2030ABE4CB093C686CC7 /* Pods_whosfreeTests.framework in Frameworks */,
			);
			runOnlyForDeploymentPostprocessing = 0;
		};
		DB3DE46420571E5D00AAD2D8 /* Frameworks */ = {
			isa = PBXFrameworksBuildPhase;
			buildActionMask = 2147483647;
			files = (
				5A02D534D00123711E33753F /* Pods_whosfreeUITests.framework in Frameworks */,
			);
			runOnlyForDeploymentPostprocessing = 0;
		};
/* End PBXFrameworksBuildPhase section */

/* Begin PBXGroup section */
		7835FD6FF3AB4667E4798404 /* Pods */ = {
			isa = PBXGroup;
			children = (
				60E208FAA28830ACA6B5C3A2 /* Pods-whosfree.debug.xcconfig */,
				01B615F746D6519FDD4F49D5 /* Pods-whosfree.release.xcconfig */,
				3917AF58BC19B9E685204473 /* Pods-whosfreeTests.debug.xcconfig */,
				5EC3006618216CCAFE016C39 /* Pods-whosfreeTests.release.xcconfig */,
				7CF222DD50E6FE553458725A /* Pods-whosfreeUITests.debug.xcconfig */,
				95AFDAA9FE5BB29F7E498C64 /* Pods-whosfreeUITests.release.xcconfig */,
			);
			name = Pods;
			sourceTree = "<group>";
		};
		9F204FB836D3A479828313F4 /* Frameworks */ = {
			isa = PBXGroup;
			children = (
				56270434984F66181CF21D95 /* Pods_whosfree.framework */,
				21925C818A4A3361FA7E2477 /* Pods_whosfreeTests.framework */,
				7DD5219901C00B5DBC74C7D0 /* Pods_whosfreeUITests.framework */,
			);
			name = Frameworks;
			sourceTree = "<group>";
		};
		DB3DE43C20571E5C00AAD2D8 = {
			isa = PBXGroup;
			children = (
				DB3DE44720571E5C00AAD2D8 /* whosfree */,
				DB3DE45F20571E5D00AAD2D8 /* whosfreeTests */,
				DB3DE46A20571E5D00AAD2D8 /* whosfreeUITests */,
				DB3DE44620571E5C00AAD2D8 /* Products */,
				7835FD6FF3AB4667E4798404 /* Pods */,
				9F204FB836D3A479828313F4 /* Frameworks */,
			);
			sourceTree = "<group>";
		};
		DB3DE44620571E5C00AAD2D8 /* Products */ = {
			isa = PBXGroup;
			children = (
				DB3DE44520571E5C00AAD2D8 /* whosfree.app */,
				DB3DE45C20571E5D00AAD2D8 /* whosfreeTests.xctest */,
				DB3DE46720571E5D00AAD2D8 /* whosfreeUITests.xctest */,
			);
			name = Products;
			sourceTree = "<group>";
		};
		DB3DE44720571E5C00AAD2D8 /* whosfree */ = {
			isa = PBXGroup;
			children = (
				DB3DE44820571E5C00AAD2D8 /* AppDelegate.swift */,
				DB3DE45220571E5C00AAD2D8 /* Assets.xcassets */,
				DB3DE45420571E5C00AAD2D8 /* LaunchScreen.storyboard */,
				DB3DE45720571E5C00AAD2D8 /* Info.plist */,
				DB3DE485205723A400AAD2D8 /* GoogleService-Info.plist */,
				DB3DE44F20571E5C00AAD2D8 /* whosfree.xcdatamodeld */,
				DB3DE4792057219500AAD2D8 /* VCs */,
				DB3DE47C205721F700AAD2D8 /* Views */,
				DB3DE47D2057221200AAD2D8 /* Cells */,
				DB3DE47E2057221A00AAD2D8 /* Models */,
				DB3DE47F2057222700AAD2D8 /* Services */,
			);
			path = whosfree;
			sourceTree = "<group>";
		};
		DB3DE45F20571E5D00AAD2D8 /* whosfreeTests */ = {
			isa = PBXGroup;
			children = (
				DB3DE46020571E5D00AAD2D8 /* whosfreeTests.swift */,
				DB3DE46220571E5D00AAD2D8 /* Info.plist */,
			);
			path = whosfreeTests;
			sourceTree = "<group>";
		};
		DB3DE46A20571E5D00AAD2D8 /* whosfreeUITests */ = {
			isa = PBXGroup;
			children = (
				DB3DE46B20571E5D00AAD2D8 /* whosfreeUITests.swift */,
				DB3DE46D20571E5D00AAD2D8 /* Info.plist */,
			);
			path = whosfreeUITests;
			sourceTree = "<group>";
		};
		DB3DE4792057219500AAD2D8 /* VCs */ = {
			isa = PBXGroup;
			children = (
				DBE599AC205C228300FD1898 /* ChatViewController.swift */,
				DBE5997C205C1FD500FD1898 /* CreateEventViewController.swift */,
				DBE59978205C1FA500FD1898 /* EventDetailViewController.swift */,
				DBE59972205C1F5C00FD1898 /* EventListViewController.swift */,
				DB3DE47A205721C000AAD2D8 /* SignInViewController.swift */,
				DB3FE9582067F303005DCE47 /* EditEventViewController.swift */,
				DBE59998205C215900FD1898 /* TheaterShowtimesViewController.swift */,
				DB3F6AC12065624D0015A946 /* InviteFriendsViewController.swift */,
				DBE59990205C20F300FD1898 /* TheatersViewController.swift */,
				DBE5998C205C20AF00FD1898 /* VenueDetailViewController.swift */,
				DBE59982205C201600FD1898 /* VenueViewController.swift */,
			);
			path = VCs;
			sourceTree = "<group>";
		};
		DB3DE47C205721F700AAD2D8 /* Views */ = {
			isa = PBXGroup;
			children = (
				DBE599AE205C229700FD1898 /* ChatView.swift */,
				DBE5997E205C1FEA00FD1898 /* CreateEventView.swift */,
				DBE5997A205C1FC200FD1898 /* EventDetailView.swift */,
				DBE59974205C1F7000FD1898 /* EventListView.swift */,
				DB3FE9562067F2E7005DCE47 /* EditEventView.swift */,
				DB3F6AC3206562840015A946 /* InviteFriendsView.swift */,
				E22D859E20605F1900A13ED1 /* MovieHeaderView.swift */,
				E22D8598206054A900A13ED1 /* SignInContainerView.swift */,
				DB3DE483205722AE00AAD2D8 /* SignInView.swift */,
				E22D859A206054B900A13ED1 /* SignUpContainerView.swift */,
				DBE5999A205C216B00FD1898 /* TheaterShowtimesView.swift */,
				DBE59992205C211000FD1898 /* TheatersView.swift */,
				DBE5998E205C20C600FD1898 /* VenueDetailView.swift */,
				DBE5998A205C209800FD1898 /* VenueView.swift */,
			);
			path = Views;
			sourceTree = "<group>";
		};
		DB3DE47D2057221200AAD2D8 /* Cells */ = {
			isa = PBXGroup;
			children = (
				DBE599B0205C22BA00FD1898 /* ChatTableViewCell.swift */,
				D2603BFC20655B2000A55A87 /* CreateEventCell.swift */,
				DBE59976205C1F8900FD1898 /* EventTableViewCell.swift */,
				DBE59980205C1FFD00FD1898 /* EventTypeTableViewCell.swift */,
				E2EA2088206AE4DE003450E9 /* FriendsCollectionViewCell.swift */,
				DBDDDC7F206005C9009F4908 /* ExistingFriendsTableViewCell.swift */,
				DBE5999C205C217D00FD1898 /* MovieTableViewCell.swift */,
				DBE59996205C213B00FD1898 /* TheaterTableViewCell.swift */,
			);
			path = Cells;
			sourceTree = "<group>";
		};
		DB3DE47E2057221A00AAD2D8 /* Models */ = {
			isa = PBXGroup;
			children = (
				DB7E3EAD2059517B0075AA99 /* Comment.swift */,
				E2FBFBEF20656A5E005C910B /* Contact.swift */,
				E22D859C20605CCC00A13ED1 /* Theater.swift */,
				DB7E3EAF205967090075AA99 /* Event.swift */,
				DB7E3EA7205944A70075AA99 /* iShowTimeAPIHelper.swift */,
				DBACBAF320580AA500882850 /* UserProfile.swift */,
				E22D85A020605F6200A13ED1 /* Showtime.swift */,
				E22D85AE2060625600A13ED1 /* Venue.swift */,
				E22D85B02060626800A13ED1 /* VenueReview.swift */,
			);
			path = Models;
			sourceTree = "<group>";
		};
		DB3DE47F2057222700AAD2D8 /* Services */ = {
			isa = PBXGroup;
			children = (
				DBACBADF20580A6800882850 /* Alert.swift */,
				DBACBADB20580A6800882850 /* NetworkConnectivity.swift */,
				DBACBADC20580A6800882850 /* NetworkHelper.swift */,
				DBACBADD20580A6800882850 /* StyleSheet.swift */,
				E22D85A6206061CF00A13ED1 /* TheaterAPIClient.swift */,
				E22D85A8206061E900A13ED1 /* ShowtimeAPIClient.swift */,
				E22D85AA2060621900A13ED1 /* VenueAPIClient.swift */,
				E22D85AC2060623800A13ED1 /* VenueReviewAPIClient.swift */,
				DB3DE4822057224900AAD2D8 /* Database */,
				DB3DE4812057224000AAD2D8 /* AuthUser */,
				DB3DE4802057223700AAD2D8 /* Storage */,
			);
			path = Services;
			sourceTree = "<group>";
		};
		DB3DE4802057223700AAD2D8 /* Storage */ = {
			isa = PBXGroup;
			children = (
				DBACBAF120580A9800882850 /* StorageService.swift */,
				E248A1F02061F8630080A9E5 /* StorageService+UsersImages.swift */,
				E248A1F22061F8800080A9E5 /* StorageService+EventsImages.swift */,
			);
			path = Storage;
			sourceTree = "<group>";
		};
		DB3DE4812057224000AAD2D8 /* AuthUser */ = {
			isa = PBXGroup;
			children = (
				E22D85962060532400A13ED1 /* FirebaseAuthService.swift */,
			);
			path = AuthUser;
			sourceTree = "<group>";
		};
		DB3DE4822057224900AAD2D8 /* Database */ = {
			isa = PBXGroup;
			children = (
				DBACBAE820580A8300882850 /* DatabaseService.swift */,
				DBACBAE620580A8300882850 /* DatabaseService+Get.swift */,
				DBACBAE520580A8300882850 /* DatabaseService+Add.swift */,
				DB7E3EAA205945640075AA99 /* DatabaseService+Delete.swift */,
				DB7E3EA9205945630075AA99 /* DatabaseService+Edit.swift */,
				DBACBAE720580A8300882850 /* DatabaseServiceDelegate.swift */,
			);
			path = Database;
			sourceTree = "<group>";
		};
/* End PBXGroup section */

/* Begin PBXNativeTarget section */
		DB3DE44420571E5C00AAD2D8 /* whosfree */ = {
			isa = PBXNativeTarget;
			buildConfigurationList = DB3DE47020571E5D00AAD2D8 /* Build configuration list for PBXNativeTarget "whosfree" */;
			buildPhases = (
				1132DE9F2CD0B6811DAFF2E3 /* [CP] Check Pods Manifest.lock */,
				DB3DE44120571E5C00AAD2D8 /* Sources */,
				DB3DE44220571E5C00AAD2D8 /* Frameworks */,
				DB3DE44320571E5C00AAD2D8 /* Resources */,
				F6E41E57403EA3615E85EE9E /* [CP] Embed Pods Frameworks */,
				C825E0B2BFBCDE77A314D922 /* [CP] Copy Pods Resources */,
			);
			buildRules = (
			);
			dependencies = (
			);
			name = whosfree;
			productName = whosfree;
			productReference = DB3DE44520571E5C00AAD2D8 /* whosfree.app */;
			productType = "com.apple.product-type.application";
		};
		DB3DE45B20571E5D00AAD2D8 /* whosfreeTests */ = {
			isa = PBXNativeTarget;
			buildConfigurationList = DB3DE47320571E5D00AAD2D8 /* Build configuration list for PBXNativeTarget "whosfreeTests" */;
			buildPhases = (
				1691F86255CB1D98044D480D /* [CP] Check Pods Manifest.lock */,
				DB3DE45820571E5D00AAD2D8 /* Sources */,
				DB3DE45920571E5D00AAD2D8 /* Frameworks */,
				DB3DE45A20571E5D00AAD2D8 /* Resources */,
				EE0094F7EAA27DEABD229B06 /* [CP] Embed Pods Frameworks */,
				E15C63C32047CA0289979274 /* [CP] Copy Pods Resources */,
			);
			buildRules = (
			);
			dependencies = (
				DB3DE45E20571E5D00AAD2D8 /* PBXTargetDependency */,
			);
			name = whosfreeTests;
			productName = whosfreeTests;
			productReference = DB3DE45C20571E5D00AAD2D8 /* whosfreeTests.xctest */;
			productType = "com.apple.product-type.bundle.unit-test";
		};
		DB3DE46620571E5D00AAD2D8 /* whosfreeUITests */ = {
			isa = PBXNativeTarget;
			buildConfigurationList = DB3DE47620571E5D00AAD2D8 /* Build configuration list for PBXNativeTarget "whosfreeUITests" */;
			buildPhases = (
				801C259038CD46CB28DB67CE /* [CP] Check Pods Manifest.lock */,
				DB3DE46320571E5D00AAD2D8 /* Sources */,
				DB3DE46420571E5D00AAD2D8 /* Frameworks */,
				DB3DE46520571E5D00AAD2D8 /* Resources */,
				72950E4FC39D03B478A1B881 /* [CP] Embed Pods Frameworks */,
				5185EF6A28270AF3163FBD52 /* [CP] Copy Pods Resources */,
			);
			buildRules = (
			);
			dependencies = (
				DB3DE46920571E5D00AAD2D8 /* PBXTargetDependency */,
			);
			name = whosfreeUITests;
			productName = whosfreeUITests;
			productReference = DB3DE46720571E5D00AAD2D8 /* whosfreeUITests.xctest */;
			productType = "com.apple.product-type.bundle.ui-testing";
		};
/* End PBXNativeTarget section */

/* Begin PBXProject section */
		DB3DE43D20571E5C00AAD2D8 /* Project object */ = {
			isa = PBXProject;
			attributes = {
				LastSwiftUpdateCheck = 0920;
				LastUpgradeCheck = 0920;
				ORGANIZATIONNAME = "Richard Crichlow";
				TargetAttributes = {
					DB3DE44420571E5C00AAD2D8 = {
						CreatedOnToolsVersion = 9.2;
						ProvisioningStyle = Automatic;
					};
					DB3DE45B20571E5D00AAD2D8 = {
						CreatedOnToolsVersion = 9.2;
						ProvisioningStyle = Automatic;
						TestTargetID = DB3DE44420571E5C00AAD2D8;
					};
					DB3DE46620571E5D00AAD2D8 = {
						CreatedOnToolsVersion = 9.2;
						ProvisioningStyle = Automatic;
						TestTargetID = DB3DE44420571E5C00AAD2D8;
					};
				};
			};
			buildConfigurationList = DB3DE44020571E5C00AAD2D8 /* Build configuration list for PBXProject "whosfree" */;
			compatibilityVersion = "Xcode 8.0";
			developmentRegion = en;
			hasScannedForEncodings = 0;
			knownRegions = (
				en,
				Base,
			);
			mainGroup = DB3DE43C20571E5C00AAD2D8;
			productRefGroup = DB3DE44620571E5C00AAD2D8 /* Products */;
			projectDirPath = "";
			projectRoot = "";
			targets = (
				DB3DE44420571E5C00AAD2D8 /* whosfree */,
				DB3DE45B20571E5D00AAD2D8 /* whosfreeTests */,
				DB3DE46620571E5D00AAD2D8 /* whosfreeUITests */,
			);
		};
/* End PBXProject section */

/* Begin PBXResourcesBuildPhase section */
		DB3DE44320571E5C00AAD2D8 /* Resources */ = {
			isa = PBXResourcesBuildPhase;
			buildActionMask = 2147483647;
			files = (
				DB3DE45620571E5C00AAD2D8 /* LaunchScreen.storyboard in Resources */,
				DB3DE45320571E5C00AAD2D8 /* Assets.xcassets in Resources */,
				DB3DE486205723A400AAD2D8 /* GoogleService-Info.plist in Resources */,
			);
			runOnlyForDeploymentPostprocessing = 0;
		};
		DB3DE45A20571E5D00AAD2D8 /* Resources */ = {
			isa = PBXResourcesBuildPhase;
			buildActionMask = 2147483647;
			files = (
			);
			runOnlyForDeploymentPostprocessing = 0;
		};
		DB3DE46520571E5D00AAD2D8 /* Resources */ = {
			isa = PBXResourcesBuildPhase;
			buildActionMask = 2147483647;
			files = (
			);
			runOnlyForDeploymentPostprocessing = 0;
		};
/* End PBXResourcesBuildPhase section */

/* Begin PBXShellScriptBuildPhase section */
		1132DE9F2CD0B6811DAFF2E3 /* [CP] Check Pods Manifest.lock */ = {
			isa = PBXShellScriptBuildPhase;
			buildActionMask = 2147483647;
			files = (
			);
			inputPaths = (
				"${PODS_PODFILE_DIR_PATH}/Podfile.lock",
				"${PODS_ROOT}/Manifest.lock",
			);
			name = "[CP] Check Pods Manifest.lock";
			outputPaths = (
				"$(DERIVED_FILE_DIR)/Pods-whosfree-checkManifestLockResult.txt",
			);
			runOnlyForDeploymentPostprocessing = 0;
			shellPath = /bin/sh;
			shellScript = "diff \"${PODS_PODFILE_DIR_PATH}/Podfile.lock\" \"${PODS_ROOT}/Manifest.lock\" > /dev/null\nif [ $? != 0 ] ; then\n    # print error to STDERR\n    echo \"error: The sandbox is not in sync with the Podfile.lock. Run 'pod install' or update your CocoaPods installation.\" >&2\n    exit 1\nfi\n# This output is used by Xcode 'outputs' to avoid re-running this script phase.\necho \"SUCCESS\" > \"${SCRIPT_OUTPUT_FILE_0}\"\n";
			showEnvVarsInLog = 0;
		};
		1691F86255CB1D98044D480D /* [CP] Check Pods Manifest.lock */ = {
			isa = PBXShellScriptBuildPhase;
			buildActionMask = 2147483647;
			files = (
			);
			inputPaths = (
				"${PODS_PODFILE_DIR_PATH}/Podfile.lock",
				"${PODS_ROOT}/Manifest.lock",
			);
			name = "[CP] Check Pods Manifest.lock";
			outputPaths = (
				"$(DERIVED_FILE_DIR)/Pods-whosfreeTests-checkManifestLockResult.txt",
			);
			runOnlyForDeploymentPostprocessing = 0;
			shellPath = /bin/sh;
			shellScript = "diff \"${PODS_PODFILE_DIR_PATH}/Podfile.lock\" \"${PODS_ROOT}/Manifest.lock\" > /dev/null\nif [ $? != 0 ] ; then\n    # print error to STDERR\n    echo \"error: The sandbox is not in sync with the Podfile.lock. Run 'pod install' or update your CocoaPods installation.\" >&2\n    exit 1\nfi\n# This output is used by Xcode 'outputs' to avoid re-running this script phase.\necho \"SUCCESS\" > \"${SCRIPT_OUTPUT_FILE_0}\"\n";
			showEnvVarsInLog = 0;
		};
		5185EF6A28270AF3163FBD52 /* [CP] Copy Pods Resources */ = {
			isa = PBXShellScriptBuildPhase;
			buildActionMask = 2147483647;
			files = (
			);
			inputPaths = (
			);
			name = "[CP] Copy Pods Resources";
			outputPaths = (
			);
			runOnlyForDeploymentPostprocessing = 0;
			shellPath = /bin/sh;
			shellScript = "\"${SRCROOT}/Pods/Target Support Files/Pods-whosfreeUITests/Pods-whosfreeUITests-resources.sh\"\n";
			showEnvVarsInLog = 0;
		};
		72950E4FC39D03B478A1B881 /* [CP] Embed Pods Frameworks */ = {
			isa = PBXShellScriptBuildPhase;
			buildActionMask = 2147483647;
			files = (
			);
			inputPaths = (
			);
			name = "[CP] Embed Pods Frameworks";
			outputPaths = (
			);
			runOnlyForDeploymentPostprocessing = 0;
			shellPath = /bin/sh;
			shellScript = "\"${SRCROOT}/Pods/Target Support Files/Pods-whosfreeUITests/Pods-whosfreeUITests-frameworks.sh\"\n";
			showEnvVarsInLog = 0;
		};
		801C259038CD46CB28DB67CE /* [CP] Check Pods Manifest.lock */ = {
			isa = PBXShellScriptBuildPhase;
			buildActionMask = 2147483647;
			files = (
			);
			inputPaths = (
				"${PODS_PODFILE_DIR_PATH}/Podfile.lock",
				"${PODS_ROOT}/Manifest.lock",
			);
			name = "[CP] Check Pods Manifest.lock";
			outputPaths = (
				"$(DERIVED_FILE_DIR)/Pods-whosfreeUITests-checkManifestLockResult.txt",
			);
			runOnlyForDeploymentPostprocessing = 0;
			shellPath = /bin/sh;
			shellScript = "diff \"${PODS_PODFILE_DIR_PATH}/Podfile.lock\" \"${PODS_ROOT}/Manifest.lock\" > /dev/null\nif [ $? != 0 ] ; then\n    # print error to STDERR\n    echo \"error: The sandbox is not in sync with the Podfile.lock. Run 'pod install' or update your CocoaPods installation.\" >&2\n    exit 1\nfi\n# This output is used by Xcode 'outputs' to avoid re-running this script phase.\necho \"SUCCESS\" > \"${SCRIPT_OUTPUT_FILE_0}\"\n";
			showEnvVarsInLog = 0;
		};
		C825E0B2BFBCDE77A314D922 /* [CP] Copy Pods Resources */ = {
			isa = PBXShellScriptBuildPhase;
			buildActionMask = 2147483647;
			files = (
			);
			inputPaths = (
			);
			name = "[CP] Copy Pods Resources";
			outputPaths = (
			);
			runOnlyForDeploymentPostprocessing = 0;
			shellPath = /bin/sh;
			shellScript = "\"${SRCROOT}/Pods/Target Support Files/Pods-whosfree/Pods-whosfree-resources.sh\"\n";
			showEnvVarsInLog = 0;
		};
		E15C63C32047CA0289979274 /* [CP] Copy Pods Resources */ = {
			isa = PBXShellScriptBuildPhase;
			buildActionMask = 2147483647;
			files = (
			);
			inputPaths = (
			);
			name = "[CP] Copy Pods Resources";
			outputPaths = (
			);
			runOnlyForDeploymentPostprocessing = 0;
			shellPath = /bin/sh;
			shellScript = "\"${SRCROOT}/Pods/Target Support Files/Pods-whosfreeTests/Pods-whosfreeTests-resources.sh\"\n";
			showEnvVarsInLog = 0;
		};
		EE0094F7EAA27DEABD229B06 /* [CP] Embed Pods Frameworks */ = {
			isa = PBXShellScriptBuildPhase;
			buildActionMask = 2147483647;
			files = (
			);
			inputPaths = (
			);
			name = "[CP] Embed Pods Frameworks";
			outputPaths = (
			);
			runOnlyForDeploymentPostprocessing = 0;
			shellPath = /bin/sh;
			shellScript = "\"${SRCROOT}/Pods/Target Support Files/Pods-whosfreeTests/Pods-whosfreeTests-frameworks.sh\"\n";
			showEnvVarsInLog = 0;
		};
		F6E41E57403EA3615E85EE9E /* [CP] Embed Pods Frameworks */ = {
			isa = PBXShellScriptBuildPhase;
			buildActionMask = 2147483647;
			files = (
			);
			inputPaths = (
				"${SRCROOT}/Pods/Target Support Files/Pods-whosfree/Pods-whosfree-frameworks.sh",
				"${BUILT_PRODUCTS_DIR}/Alamofire/Alamofire.framework",
				"${BUILT_PRODUCTS_DIR}/Bolts/Bolts.framework",
				"${BUILT_PRODUCTS_DIR}/FBSDKCoreKit/FBSDKCoreKit.framework",
				"${BUILT_PRODUCTS_DIR}/FBSDKLoginKit/FBSDKLoginKit.framework",
				"${BUILT_PRODUCTS_DIR}/FBSDKShareKit/FBSDKShareKit.framework",
				"${BUILT_PRODUCTS_DIR}/FacebookCore/FacebookCore.framework",
				"${BUILT_PRODUCTS_DIR}/FacebookLogin/FacebookLogin.framework",
				"${BUILT_PRODUCTS_DIR}/FacebookShare/FacebookShare.framework",
				"${BUILT_PRODUCTS_DIR}/GTMSessionFetcher/GTMSessionFetcher.framework",
				"${BUILT_PRODUCTS_DIR}/GoogleToolboxForMac/GoogleToolboxForMac.framework",
				"${BUILT_PRODUCTS_DIR}/Kingfisher/Kingfisher.framework",
				"${BUILT_PRODUCTS_DIR}/ObjectMapper/ObjectMapper.framework",
				"${BUILT_PRODUCTS_DIR}/SwiftMailgun/SwiftMailgun.framework",
				"${BUILT_PRODUCTS_DIR}/leveldb-library/leveldb.framework",
				"${BUILT_PRODUCTS_DIR}/nanopb/nanopb.framework",
			);
			name = "[CP] Embed Pods Frameworks";
			outputPaths = (
				"${TARGET_BUILD_DIR}/${FRAMEWORKS_FOLDER_PATH}/Alamofire.framework",
				"${TARGET_BUILD_DIR}/${FRAMEWORKS_FOLDER_PATH}/Bolts.framework",
				"${TARGET_BUILD_DIR}/${FRAMEWORKS_FOLDER_PATH}/FBSDKCoreKit.framework",
				"${TARGET_BUILD_DIR}/${FRAMEWORKS_FOLDER_PATH}/FBSDKLoginKit.framework",
				"${TARGET_BUILD_DIR}/${FRAMEWORKS_FOLDER_PATH}/FBSDKShareKit.framework",
				"${TARGET_BUILD_DIR}/${FRAMEWORKS_FOLDER_PATH}/FacebookCore.framework",
				"${TARGET_BUILD_DIR}/${FRAMEWORKS_FOLDER_PATH}/FacebookLogin.framework",
				"${TARGET_BUILD_DIR}/${FRAMEWORKS_FOLDER_PATH}/FacebookShare.framework",
				"${TARGET_BUILD_DIR}/${FRAMEWORKS_FOLDER_PATH}/GTMSessionFetcher.framework",
				"${TARGET_BUILD_DIR}/${FRAMEWORKS_FOLDER_PATH}/GoogleToolboxForMac.framework",
				"${TARGET_BUILD_DIR}/${FRAMEWORKS_FOLDER_PATH}/Kingfisher.framework",
				"${TARGET_BUILD_DIR}/${FRAMEWORKS_FOLDER_PATH}/ObjectMapper.framework",
				"${TARGET_BUILD_DIR}/${FRAMEWORKS_FOLDER_PATH}/SwiftMailgun.framework",
				"${TARGET_BUILD_DIR}/${FRAMEWORKS_FOLDER_PATH}/leveldb.framework",
				"${TARGET_BUILD_DIR}/${FRAMEWORKS_FOLDER_PATH}/nanopb.framework",
			);
			runOnlyForDeploymentPostprocessing = 0;
			shellPath = /bin/sh;
			shellScript = "\"${SRCROOT}/Pods/Target Support Files/Pods-whosfree/Pods-whosfree-frameworks.sh\"\n";
			showEnvVarsInLog = 0;
		};
/* End PBXShellScriptBuildPhase section */

/* Begin PBXSourcesBuildPhase section */
		DB3DE44120571E5C00AAD2D8 /* Sources */ = {
			isa = PBXSourcesBuildPhase;
			buildActionMask = 2147483647;
			files = (
				DBE59977205C1F8900FD1898 /* EventTableViewCell.swift in Sources */,
				DBE59979205C1FA500FD1898 /* EventDetailViewController.swift in Sources */,
				DBACBAEB20580A8300882850 /* DatabaseServiceDelegate.swift in Sources */,
				DBE59993205C211000FD1898 /* TheatersView.swift in Sources */,
				DB7E3EA8205944A70075AA99 /* iShowTimeAPIHelper.swift in Sources */,
				DBACBAE420580A6900882850 /* Alert.swift in Sources */,
				E22D859D20605CCC00A13ED1 /* Theater.swift in Sources */,
				DBE59991205C20F300FD1898 /* TheatersViewController.swift in Sources */,
				E2FBFBF020656A5E005C910B /* Contact.swift in Sources */,
				E22D859F20605F1900A13ED1 /* MovieHeaderView.swift in Sources */,
				D2603BFD20655B2000A55A87 /* CreateEventCell.swift in Sources */,
				DBE5998B205C209800FD1898 /* VenueView.swift in Sources */,
				DBE59983205C201600FD1898 /* VenueViewController.swift in Sources */,
				DBACBAEA20580A8300882850 /* DatabaseService+Get.swift in Sources */,
				E22D85AD2060623800A13ED1 /* VenueReviewAPIClient.swift in Sources */,
				DBE5999B205C216B00FD1898 /* TheaterShowtimesView.swift in Sources */,
				DB3FE9592067F303005DCE47 /* EditEventViewController.swift in Sources */,
				DBE59997205C213B00FD1898 /* TheaterTableViewCell.swift in Sources */,
				E22D85B12060626800A13ED1 /* VenueReview.swift in Sources */,
				E22D859B206054B900A13ED1 /* SignUpContainerView.swift in Sources */,
				DB3F6AC4206562840015A946 /* InviteFriendsView.swift in Sources */,
				DBE5998D205C20AF00FD1898 /* VenueDetailViewController.swift in Sources */,
				DB3DE44920571E5C00AAD2D8 /* AppDelegate.swift in Sources */,
				DBACBAE020580A6900882850 /* NetworkConnectivity.swift in Sources */,
				E22D8599206054A900A13ED1 /* SignInContainerView.swift in Sources */,
				DB3DE47B205721C000AAD2D8 /* SignInViewController.swift in Sources */,
				DBE59999205C215900FD1898 /* TheaterShowtimesViewController.swift in Sources */,
				DBE59981205C1FFD00FD1898 /* EventTypeTableViewCell.swift in Sources */,
				DBACBAEC20580A8300882850 /* DatabaseService.swift in Sources */,
				E248A1F12061F8630080A9E5 /* StorageService+UsersImages.swift in Sources */,
				DBE599AD205C228300FD1898 /* ChatViewController.swift in Sources */,
				DBE59975205C1F7000FD1898 /* EventListView.swift in Sources */,
				DBE5997F205C1FEA00FD1898 /* CreateEventView.swift in Sources */,
				DB3DE484205722AE00AAD2D8 /* SignInView.swift in Sources */,
				DBE599AF205C229700FD1898 /* ChatView.swift in Sources */,
				E22D85972060532400A13ED1 /* FirebaseAuthService.swift in Sources */,
				DBE5998F205C20C600FD1898 /* VenueDetailView.swift in Sources */,
				E22D85AF2060625600A13ED1 /* Venue.swift in Sources */,
				E22D85A120605F6200A13ED1 /* Showtime.swift in Sources */,
				DBE5997B205C1FC200FD1898 /* EventDetailView.swift in Sources */,
				DBACBAF220580A9800882850 /* StorageService.swift in Sources */,
				DBACBAE120580A6900882850 /* NetworkHelper.swift in Sources */,
				DBACBAF420580AA500882850 /* UserProfile.swift in Sources */,
				DB3F6AC22065624D0015A946 /* InviteFriendsViewController.swift in Sources */,
				E22D85A9206061E900A13ED1 /* ShowtimeAPIClient.swift in Sources */,
				DBE599B1205C22BA00FD1898 /* ChatTableViewCell.swift in Sources */,
				DB3DE45120571E5C00AAD2D8 /* whosfree.xcdatamodeld in Sources */,
				DBE59973205C1F5C00FD1898 /* EventListViewController.swift in Sources */,
				E2EA2089206AE4DE003450E9 /* FriendsCollectionViewCell.swift in Sources */,
				DB7E3EAE2059517B0075AA99 /* Comment.swift in Sources */,
				E248A1F32061F8800080A9E5 /* StorageService+EventsImages.swift in Sources */,
				DBACBAE220580A6900882850 /* StyleSheet.swift in Sources */,
				DB7E3EAC205945640075AA99 /* DatabaseService+Delete.swift in Sources */,
				DBE5999D205C217D00FD1898 /* MovieTableViewCell.swift in Sources */,
				E22D85AB2060621900A13ED1 /* VenueAPIClient.swift in Sources */,
				DB3FE9572067F2E7005DCE47 /* EditEventView.swift in Sources */,
				DB7E3EAB205945640075AA99 /* DatabaseService+Edit.swift in Sources */,
				DB7E3EB0205967090075AA99 /* Event.swift in Sources */,
				E22D85A7206061CF00A13ED1 /* TheaterAPIClient.swift in Sources */,
				DBDDDC80206005C9009F4908 /* ExistingFriendsTableViewCell.swift in Sources */,
				DBACBAE920580A8300882850 /* DatabaseService+Add.swift in Sources */,
				DBE5997D205C1FD500FD1898 /* CreateEventViewController.swift in Sources */,
			);
			runOnlyForDeploymentPostprocessing = 0;
		};
		DB3DE45820571E5D00AAD2D8 /* Sources */ = {
			isa = PBXSourcesBuildPhase;
			buildActionMask = 2147483647;
			files = (
				DB3DE46120571E5D00AAD2D8 /* whosfreeTests.swift in Sources */,
			);
			runOnlyForDeploymentPostprocessing = 0;
		};
		DB3DE46320571E5D00AAD2D8 /* Sources */ = {
			isa = PBXSourcesBuildPhase;
			buildActionMask = 2147483647;
			files = (
				DB3DE46C20571E5D00AAD2D8 /* whosfreeUITests.swift in Sources */,
			);
			runOnlyForDeploymentPostprocessing = 0;
		};
/* End PBXSourcesBuildPhase section */

/* Begin PBXTargetDependency section */
		DB3DE45E20571E5D00AAD2D8 /* PBXTargetDependency */ = {
			isa = PBXTargetDependency;
			target = DB3DE44420571E5C00AAD2D8 /* whosfree */;
			targetProxy = DB3DE45D20571E5D00AAD2D8 /* PBXContainerItemProxy */;
		};
		DB3DE46920571E5D00AAD2D8 /* PBXTargetDependency */ = {
			isa = PBXTargetDependency;
			target = DB3DE44420571E5C00AAD2D8 /* whosfree */;
			targetProxy = DB3DE46820571E5D00AAD2D8 /* PBXContainerItemProxy */;
		};
/* End PBXTargetDependency section */

/* Begin PBXVariantGroup section */
		DB3DE45420571E5C00AAD2D8 /* LaunchScreen.storyboard */ = {
			isa = PBXVariantGroup;
			children = (
				DB3DE45520571E5C00AAD2D8 /* Base */,
			);
			name = LaunchScreen.storyboard;
			sourceTree = "<group>";
		};
/* End PBXVariantGroup section */

/* Begin XCBuildConfiguration section */
		DB3DE46E20571E5D00AAD2D8 /* Debug */ = {
			isa = XCBuildConfiguration;
			buildSettings = {
				ALWAYS_SEARCH_USER_PATHS = NO;
				CLANG_ANALYZER_NONNULL = YES;
				CLANG_ANALYZER_NUMBER_OBJECT_CONVERSION = YES_AGGRESSIVE;
				CLANG_CXX_LANGUAGE_STANDARD = "gnu++14";
				CLANG_CXX_LIBRARY = "libc++";
				CLANG_ENABLE_MODULES = YES;
				CLANG_ENABLE_OBJC_ARC = YES;
				CLANG_WARN_BLOCK_CAPTURE_AUTORELEASING = YES;
				CLANG_WARN_BOOL_CONVERSION = YES;
				CLANG_WARN_COMMA = YES;
				CLANG_WARN_CONSTANT_CONVERSION = YES;
				CLANG_WARN_DIRECT_OBJC_ISA_USAGE = YES_ERROR;
				CLANG_WARN_DOCUMENTATION_COMMENTS = YES;
				CLANG_WARN_EMPTY_BODY = YES;
				CLANG_WARN_ENUM_CONVERSION = YES;
				CLANG_WARN_INFINITE_RECURSION = YES;
				CLANG_WARN_INT_CONVERSION = YES;
				CLANG_WARN_NON_LITERAL_NULL_CONVERSION = YES;
				CLANG_WARN_OBJC_LITERAL_CONVERSION = YES;
				CLANG_WARN_OBJC_ROOT_CLASS = YES_ERROR;
				CLANG_WARN_RANGE_LOOP_ANALYSIS = YES;
				CLANG_WARN_STRICT_PROTOTYPES = YES;
				CLANG_WARN_SUSPICIOUS_MOVE = YES;
				CLANG_WARN_UNGUARDED_AVAILABILITY = YES_AGGRESSIVE;
				CLANG_WARN_UNREACHABLE_CODE = YES;
				CLANG_WARN__DUPLICATE_METHOD_MATCH = YES;
				CODE_SIGN_IDENTITY = "iPhone Developer";
				COPY_PHASE_STRIP = NO;
				DEBUG_INFORMATION_FORMAT = dwarf;
				ENABLE_STRICT_OBJC_MSGSEND = YES;
				ENABLE_TESTABILITY = YES;
				GCC_C_LANGUAGE_STANDARD = gnu11;
				GCC_DYNAMIC_NO_PIC = NO;
				GCC_NO_COMMON_BLOCKS = YES;
				GCC_OPTIMIZATION_LEVEL = 0;
				GCC_PREPROCESSOR_DEFINITIONS = (
					"DEBUG=1",
					"$(inherited)",
				);
				GCC_WARN_64_TO_32_BIT_CONVERSION = YES;
				GCC_WARN_ABOUT_RETURN_TYPE = YES_ERROR;
				GCC_WARN_UNDECLARED_SELECTOR = YES;
				GCC_WARN_UNINITIALIZED_AUTOS = YES_AGGRESSIVE;
				GCC_WARN_UNUSED_FUNCTION = YES;
				GCC_WARN_UNUSED_VARIABLE = YES;
				IPHONEOS_DEPLOYMENT_TARGET = 11.2;
				MTL_ENABLE_DEBUG_INFO = YES;
				ONLY_ACTIVE_ARCH = YES;
				SDKROOT = iphoneos;
				SWIFT_ACTIVE_COMPILATION_CONDITIONS = DEBUG;
				SWIFT_OPTIMIZATION_LEVEL = "-Onone";
			};
			name = Debug;
		};
		DB3DE46F20571E5D00AAD2D8 /* Release */ = {
			isa = XCBuildConfiguration;
			buildSettings = {
				ALWAYS_SEARCH_USER_PATHS = NO;
				CLANG_ANALYZER_NONNULL = YES;
				CLANG_ANALYZER_NUMBER_OBJECT_CONVERSION = YES_AGGRESSIVE;
				CLANG_CXX_LANGUAGE_STANDARD = "gnu++14";
				CLANG_CXX_LIBRARY = "libc++";
				CLANG_ENABLE_MODULES = YES;
				CLANG_ENABLE_OBJC_ARC = YES;
				CLANG_WARN_BLOCK_CAPTURE_AUTORELEASING = YES;
				CLANG_WARN_BOOL_CONVERSION = YES;
				CLANG_WARN_COMMA = YES;
				CLANG_WARN_CONSTANT_CONVERSION = YES;
				CLANG_WARN_DIRECT_OBJC_ISA_USAGE = YES_ERROR;
				CLANG_WARN_DOCUMENTATION_COMMENTS = YES;
				CLANG_WARN_EMPTY_BODY = YES;
				CLANG_WARN_ENUM_CONVERSION = YES;
				CLANG_WARN_INFINITE_RECURSION = YES;
				CLANG_WARN_INT_CONVERSION = YES;
				CLANG_WARN_NON_LITERAL_NULL_CONVERSION = YES;
				CLANG_WARN_OBJC_LITERAL_CONVERSION = YES;
				CLANG_WARN_OBJC_ROOT_CLASS = YES_ERROR;
				CLANG_WARN_RANGE_LOOP_ANALYSIS = YES;
				CLANG_WARN_STRICT_PROTOTYPES = YES;
				CLANG_WARN_SUSPICIOUS_MOVE = YES;
				CLANG_WARN_UNGUARDED_AVAILABILITY = YES_AGGRESSIVE;
				CLANG_WARN_UNREACHABLE_CODE = YES;
				CLANG_WARN__DUPLICATE_METHOD_MATCH = YES;
				CODE_SIGN_IDENTITY = "iPhone Developer";
				COPY_PHASE_STRIP = NO;
				DEBUG_INFORMATION_FORMAT = "dwarf-with-dsym";
				ENABLE_NS_ASSERTIONS = NO;
				ENABLE_STRICT_OBJC_MSGSEND = YES;
				GCC_C_LANGUAGE_STANDARD = gnu11;
				GCC_NO_COMMON_BLOCKS = YES;
				GCC_WARN_64_TO_32_BIT_CONVERSION = YES;
				GCC_WARN_ABOUT_RETURN_TYPE = YES_ERROR;
				GCC_WARN_UNDECLARED_SELECTOR = YES;
				GCC_WARN_UNINITIALIZED_AUTOS = YES_AGGRESSIVE;
				GCC_WARN_UNUSED_FUNCTION = YES;
				GCC_WARN_UNUSED_VARIABLE = YES;
				IPHONEOS_DEPLOYMENT_TARGET = 11.2;
				MTL_ENABLE_DEBUG_INFO = NO;
				SDKROOT = iphoneos;
				SWIFT_OPTIMIZATION_LEVEL = "-Owholemodule";
				VALIDATE_PRODUCT = YES;
			};
			name = Release;
		};
		DB3DE47120571E5D00AAD2D8 /* Debug */ = {
			isa = XCBuildConfiguration;
			baseConfigurationReference = 60E208FAA28830ACA6B5C3A2 /* Pods-whosfree.debug.xcconfig */;
			buildSettings = {
				ASSETCATALOG_COMPILER_APPICON_NAME = AppIcon;
				CODE_SIGN_STYLE = Automatic;
				DEVELOPMENT_TEAM = DSMJ37658F;
				INFOPLIST_FILE = whosfree/Info.plist;
				LD_RUNPATH_SEARCH_PATHS = "$(inherited) @executable_path/Frameworks";
				PRODUCT_BUNDLE_IDENTIFIER = RC.whosfree;
				PRODUCT_NAME = "$(TARGET_NAME)";
				SWIFT_VERSION = 4.0;
				TARGETED_DEVICE_FAMILY = "1,2";
			};
			name = Debug;
		};
		DB3DE47220571E5D00AAD2D8 /* Release */ = {
			isa = XCBuildConfiguration;
			baseConfigurationReference = 01B615F746D6519FDD4F49D5 /* Pods-whosfree.release.xcconfig */;
			buildSettings = {
				ASSETCATALOG_COMPILER_APPICON_NAME = AppIcon;
				CODE_SIGN_STYLE = Automatic;
				DEVELOPMENT_TEAM = DSMJ37658F;
				INFOPLIST_FILE = whosfree/Info.plist;
				LD_RUNPATH_SEARCH_PATHS = "$(inherited) @executable_path/Frameworks";
				PRODUCT_BUNDLE_IDENTIFIER = RC.whosfree;
				PRODUCT_NAME = "$(TARGET_NAME)";
				SWIFT_VERSION = 4.0;
				TARGETED_DEVICE_FAMILY = "1,2";
			};
			name = Release;
		};
		DB3DE47420571E5D00AAD2D8 /* Debug */ = {
			isa = XCBuildConfiguration;
			baseConfigurationReference = 3917AF58BC19B9E685204473 /* Pods-whosfreeTests.debug.xcconfig */;
			buildSettings = {
				ALWAYS_EMBED_SWIFT_STANDARD_LIBRARIES = YES;
				BUNDLE_LOADER = "$(TEST_HOST)";
				CODE_SIGN_STYLE = Automatic;
				INFOPLIST_FILE = whosfreeTests/Info.plist;
				LD_RUNPATH_SEARCH_PATHS = "$(inherited) @executable_path/Frameworks @loader_path/Frameworks";
				PRODUCT_BUNDLE_IDENTIFIER = RC.whosfreeTests;
				PRODUCT_NAME = "$(TARGET_NAME)";
				SWIFT_VERSION = 4.0;
				TARGETED_DEVICE_FAMILY = "1,2";
				TEST_HOST = "$(BUILT_PRODUCTS_DIR)/whosfree.app/whosfree";
			};
			name = Debug;
		};
		DB3DE47520571E5D00AAD2D8 /* Release */ = {
			isa = XCBuildConfiguration;
			baseConfigurationReference = 5EC3006618216CCAFE016C39 /* Pods-whosfreeTests.release.xcconfig */;
			buildSettings = {
				ALWAYS_EMBED_SWIFT_STANDARD_LIBRARIES = YES;
				BUNDLE_LOADER = "$(TEST_HOST)";
				CODE_SIGN_STYLE = Automatic;
				INFOPLIST_FILE = whosfreeTests/Info.plist;
				LD_RUNPATH_SEARCH_PATHS = "$(inherited) @executable_path/Frameworks @loader_path/Frameworks";
				PRODUCT_BUNDLE_IDENTIFIER = RC.whosfreeTests;
				PRODUCT_NAME = "$(TARGET_NAME)";
				SWIFT_VERSION = 4.0;
				TARGETED_DEVICE_FAMILY = "1,2";
				TEST_HOST = "$(BUILT_PRODUCTS_DIR)/whosfree.app/whosfree";
			};
			name = Release;
		};
		DB3DE47720571E5D00AAD2D8 /* Debug */ = {
			isa = XCBuildConfiguration;
			baseConfigurationReference = 7CF222DD50E6FE553458725A /* Pods-whosfreeUITests.debug.xcconfig */;
			buildSettings = {
				ALWAYS_EMBED_SWIFT_STANDARD_LIBRARIES = YES;
				CODE_SIGN_STYLE = Automatic;
				INFOPLIST_FILE = whosfreeUITests/Info.plist;
				LD_RUNPATH_SEARCH_PATHS = "$(inherited) @executable_path/Frameworks @loader_path/Frameworks";
				PRODUCT_BUNDLE_IDENTIFIER = RC.whosfreeUITests;
				PRODUCT_NAME = "$(TARGET_NAME)";
				SWIFT_VERSION = 4.0;
				TARGETED_DEVICE_FAMILY = "1,2";
				TEST_TARGET_NAME = whosfree;
			};
			name = Debug;
		};
		DB3DE47820571E5D00AAD2D8 /* Release */ = {
			isa = XCBuildConfiguration;
			baseConfigurationReference = 95AFDAA9FE5BB29F7E498C64 /* Pods-whosfreeUITests.release.xcconfig */;
			buildSettings = {
				ALWAYS_EMBED_SWIFT_STANDARD_LIBRARIES = YES;
				CODE_SIGN_STYLE = Automatic;
				INFOPLIST_FILE = whosfreeUITests/Info.plist;
				LD_RUNPATH_SEARCH_PATHS = "$(inherited) @executable_path/Frameworks @loader_path/Frameworks";
				PRODUCT_BUNDLE_IDENTIFIER = RC.whosfreeUITests;
				PRODUCT_NAME = "$(TARGET_NAME)";
				SWIFT_VERSION = 4.0;
				TARGETED_DEVICE_FAMILY = "1,2";
				TEST_TARGET_NAME = whosfree;
			};
			name = Release;
		};
/* End XCBuildConfiguration section */

/* Begin XCConfigurationList section */
		DB3DE44020571E5C00AAD2D8 /* Build configuration list for PBXProject "whosfree" */ = {
			isa = XCConfigurationList;
			buildConfigurations = (
				DB3DE46E20571E5D00AAD2D8 /* Debug */,
				DB3DE46F20571E5D00AAD2D8 /* Release */,
			);
			defaultConfigurationIsVisible = 0;
			defaultConfigurationName = Release;
		};
		DB3DE47020571E5D00AAD2D8 /* Build configuration list for PBXNativeTarget "whosfree" */ = {
			isa = XCConfigurationList;
			buildConfigurations = (
				DB3DE47120571E5D00AAD2D8 /* Debug */,
				DB3DE47220571E5D00AAD2D8 /* Release */,
			);
			defaultConfigurationIsVisible = 0;
			defaultConfigurationName = Release;
		};
		DB3DE47320571E5D00AAD2D8 /* Build configuration list for PBXNativeTarget "whosfreeTests" */ = {
			isa = XCConfigurationList;
			buildConfigurations = (
				DB3DE47420571E5D00AAD2D8 /* Debug */,
				DB3DE47520571E5D00AAD2D8 /* Release */,
			);
			defaultConfigurationIsVisible = 0;
			defaultConfigurationName = Release;
		};
		DB3DE47620571E5D00AAD2D8 /* Build configuration list for PBXNativeTarget "whosfreeUITests" */ = {
			isa = XCConfigurationList;
			buildConfigurations = (
				DB3DE47720571E5D00AAD2D8 /* Debug */,
				DB3DE47820571E5D00AAD2D8 /* Release */,
			);
			defaultConfigurationIsVisible = 0;
			defaultConfigurationName = Release;
		};
/* End XCConfigurationList section */

/* Begin XCVersionGroup section */
		DB3DE44F20571E5C00AAD2D8 /* whosfree.xcdatamodeld */ = {
			isa = XCVersionGroup;
			children = (
				DB3DE45020571E5C00AAD2D8 /* whosfree.xcdatamodel */,
			);
			currentVersion = DB3DE45020571E5C00AAD2D8 /* whosfree.xcdatamodel */;
			path = whosfree.xcdatamodeld;
			sourceTree = "<group>";
			versionGroupType = wrapper.xcdatamodel;
		};
/* End XCVersionGroup section */
	};
	rootObject = DB3DE43D20571E5C00AAD2D8 /* Project object */;
}
